// !$*UTF8*$!
{
	archiveVersion = 1;
	classes = {
	};
	objectVersion = 46;
	objects = {

/* Begin PBXBuildFile section */
		1B584A43173C4491A8594793 /* calcwit.cpp in Sources */ = {isa = PBXBuildFile; fileRef = 211CC83ECB7543B08C488F22 /* calcwit.cpp */; };
		1D96218D283C48B58243D0CF /* calcwit.cpp in Sources */ = {isa = PBXBuildFile; fileRef = 1AD3A82934474F80A5556F01 /* calcwit.cpp */; };
		1E5445E7C5274F0C817B737B /* calcwit.cpp in Sources */ = {isa = PBXBuildFile; fileRef = C9FD78BAB4C043CEB46E95DA /* calcwit.cpp */; };
		2780438EB0E843D6AC0AC933 /* credentialAtomicQueryMTPV2.cpp in Sources */ = {isa = PBXBuildFile; fileRef = 7D79B75174FC4BF9B4AD482D /* credentialAtomicQueryMTPV2.cpp */; };
		29C19DCE9F6747D381F955AC /* credentialAtomicQuerySigV2OnChain.cpp in Sources */ = {isa = PBXBuildFile; fileRef = 07271F178B434A7EB0B6BE98 /* credentialAtomicQuerySigV2OnChain.cpp */; };
		31AFF33BB15746C08AEBE6F9 /* calcwit.cpp in Sources */ = {isa = PBXBuildFile; fileRef = 9FA4B6563A26463AB1B998C5 /* calcwit.cpp */; };
		4DA9A4168C604A6CA2E1EC43 /* witnesscalc_credentialAtomicQueryMTPV2OnChain.cpp in Sources */ = {isa = PBXBuildFile; fileRef = 640F29360E8C475B91921773 /* witnesscalc_credentialAtomicQueryMTPV2OnChain.cpp */; };
		6F83F0997A7748B6BA1691BE /* calcwit.cpp in Sources */ = {isa = PBXBuildFile; fileRef = DB9017CF6703496EACDCE788 /* calcwit.cpp */; };
		793E0C9E70004694BE378D69 /* witnesscalc_credentialAtomicQuerySigV2.cpp in Sources */ = {isa = PBXBuildFile; fileRef = E4F5D653679F4E5FA4A1E4F9 /* witnesscalc_credentialAtomicQuerySigV2.cpp */; };
		931E7FD252A6486EA8DE71A7 /* witnesscalc_credentialAtomicQueryMTPV2.cpp in Sources */ = {isa = PBXBuildFile; fileRef = DBF814AE52DD4353B57D89DC /* witnesscalc_credentialAtomicQueryMTPV2.cpp */; };
		9A6722CE68F243FBACFF4052 /* authV2.cpp in Sources */ = {isa = PBXBuildFile; fileRef = E7D6FFFB1E5942A29A1CF18E /* authV2.cpp */; };
		AB9B55A415DA440CAB8D8DE2 /* credentialAtomicQuerySigV2.cpp in Sources */ = {isa = PBXBuildFile; fileRef = B42496D7583E45B2BA025B81 /* credentialAtomicQuerySigV2.cpp */; };
		BA1F2B7B8B5E461DA666C9AA /* witnesscalc_credentialAtomicQuerySigV2OnChain.cpp in Sources */ = {isa = PBXBuildFile; fileRef = A84659BEC1904C21AAED3653 /* witnesscalc_credentialAtomicQuerySigV2OnChain.cpp */; };
		BCF5FBDDC6CA4D6EB99A991C /* witnesscalc.cpp in Sources */ = {isa = PBXBuildFile; fileRef = 22E95C8664A944E7934E8225 /* witnesscalc.cpp */; };
		C1964089502E45F7948C526D /* witnesscalc.cpp in Sources */ = {isa = PBXBuildFile; fileRef = 2DD25878004C4891890CD391 /* witnesscalc.cpp */; };
		C27CF787531D41569010EEF3 /* witnesscalc_authV2.cpp in Sources */ = {isa = PBXBuildFile; fileRef = 2CF8BB56D809468DA72590FD /* witnesscalc_authV2.cpp */; };
		CC2BDE98C289432982CB4921 /* credentialAtomicQueryMTPV2OnChain.cpp in Sources */ = {isa = PBXBuildFile; fileRef = 4DBD63DF01CB426CBEE04809 /* credentialAtomicQueryMTPV2OnChain.cpp */; };
		E286F0FFAE164E828B4F5398 /* witnesscalc.cpp in Sources */ = {isa = PBXBuildFile; fileRef = 9B34694DBBBA45CAA04E455A /* witnesscalc.cpp */; };
		EB5F5AA436F54EE2AEBE6313 /* witnesscalc.cpp in Sources */ = {isa = PBXBuildFile; fileRef = CB24CF522A8A4132A3C369B1 /* witnesscalc.cpp */; };
		F761BE92E2E742A888B5FA9F /* witnesscalc.cpp in Sources */ = {isa = PBXBuildFile; fileRef = 914667DFC7D5421A8B7ED6AF /* witnesscalc.cpp */; };
/* End PBXBuildFile section */

/* Begin PBXFileReference section */
		07271F178B434A7EB0B6BE98 /* credentialAtomicQuerySigV2OnChain.cpp */ = {isa = PBXFileReference; explicitFileType = sourcecode.cpp.cpp; fileEncoding = 4; name = credentialAtomicQuerySigV2OnChain.cpp; path = src/credentialAtomicQuerySigV2OnChain.cpp; sourceTree = SOURCE_ROOT; };
		132837E67BFA46AB8F5045D3 /* CMakeLists.txt */ = {isa = PBXFileReference; explicitFileType = sourcecode.text; fileEncoding = 4; lastKnownFileType = text; name = CMakeLists.txt; path = src/CMakeLists.txt; sourceTree = SOURCE_ROOT; };
		156698C88680414DBB468B62 /* CMakeLists.txt */ = {isa = PBXFileReference; explicitFileType = sourcecode.text; fileEncoding = 4; lastKnownFileType = text; name = CMakeLists.txt; path = src/CMakeLists.txt; sourceTree = SOURCE_ROOT; };
		171D39DEB96240708C0B03B6 /* Info.plist */ = {isa = PBXFileReference; explicitFileType = sourcecode.text.plist; fileEncoding = 4; lastKnownFileType = text.plist; name = Info.plist; path = build_witnesscalc_ios_simulator_x86_64/src/CMakeFiles/witnesscalc_authV2Static.dir/Info.plist; sourceTree = SOURCE_ROOT; };
		1AD3A82934474F80A5556F01 /* calcwit.cpp */ = {isa = PBXFileReference; explicitFileType = sourcecode.cpp.cpp; fileEncoding = 4; name = calcwit.cpp; path = src/calcwit.cpp; sourceTree = SOURCE_ROOT; };
		211CC83ECB7543B08C488F22 /* calcwit.cpp */ = {isa = PBXFileReference; explicitFileType = sourcecode.cpp.cpp; fileEncoding = 4; name = calcwit.cpp; path = src/calcwit.cpp; sourceTree = SOURCE_ROOT; };
		21321678B4A54FE7B6C00FCE /* Info.plist */ = {isa = PBXFileReference; explicitFileType = sourcecode.text.plist; fileEncoding = 4; lastKnownFileType = text.plist; name = Info.plist; path = build_witnesscalc_ios_simulator_x86_64/src/CMakeFiles/witnesscalc_credentialAtomicQuerySigV2OnChainStatic.dir/Info.plist; sourceTree = SOURCE_ROOT; };
		2176427B3CD2458787EAB584 /* CMakeLists.txt */ = {isa = PBXFileReference; explicitFileType = sourcecode.text; fileEncoding = 4; lastKnownFileType = text; name = CMakeLists.txt; path = src/CMakeLists.txt; sourceTree = SOURCE_ROOT; };
		22E95C8664A944E7934E8225 /* witnesscalc.cpp */ = {isa = PBXFileReference; explicitFileType = sourcecode.cpp.cpp; fileEncoding = 4; name = witnesscalc.cpp; path = src/witnesscalc.cpp; sourceTree = SOURCE_ROOT; };
		23308E1FC29848979A9E4C3D /* witnesscalc.h */ = {isa = PBXFileReference; explicitFileType = sourcecode.c.h; fileEncoding = 4; name = witnesscalc.h; path = src/witnesscalc.h; sourceTree = SOURCE_ROOT; };
		23BF13249684408B8C127389 /* witnesscalc_credentialAtomicQueryMTPV2.h */ = {isa = PBXFileReference; explicitFileType = sourcecode.c.h; fileEncoding = 4; name = witnesscalc_credentialAtomicQueryMTPV2.h; path = src/witnesscalc_credentialAtomicQueryMTPV2.h; sourceTree = SOURCE_ROOT; };
		2693316CDED4473380EF8C72 /* calcwit.cpp */ = {isa = PBXFileReference; explicitFileType = sourcecode.cpp.cpp; fileEncoding = 4; name = calcwit.cpp; path = src/calcwit.cpp; sourceTree = SOURCE_ROOT; };
		2C8E3211A1F94874BBFD703A /* witnesscalc_credentialAtomicQueryMTPV2.h */ = {isa = PBXFileReference; explicitFileType = sourcecode.c.h; fileEncoding = 4; name = witnesscalc_credentialAtomicQueryMTPV2.h; path = src/witnesscalc_credentialAtomicQueryMTPV2.h; sourceTree = SOURCE_ROOT; };
		2CF8BB56D809468DA72590FD /* witnesscalc_authV2.cpp */ = {isa = PBXFileReference; explicitFileType = sourcecode.cpp.cpp; fileEncoding = 4; name = witnesscalc_authV2.cpp; path = src/witnesscalc_authV2.cpp; sourceTree = SOURCE_ROOT; };
		2DD25878004C4891890CD391 /* witnesscalc.cpp */ = {isa = PBXFileReference; explicitFileType = sourcecode.cpp.cpp; fileEncoding = 4; name = witnesscalc.cpp; path = src/witnesscalc.cpp; sourceTree = SOURCE_ROOT; };
		2F86FB8198064DAF9D92F355 /* witnesscalc.h */ = {isa = PBXFileReference; explicitFileType = sourcecode.c.h; fileEncoding = 4; name = witnesscalc.h; path = src/witnesscalc.h; sourceTree = SOURCE_ROOT; };
		3912C95144754A239C986EF9 /* CMakeLists.txt */ = {isa = PBXFileReference; explicitFileType = sourcecode.text; fileEncoding = 4; lastKnownFileType = text; name = CMakeLists.txt; path = src/CMakeLists.txt; sourceTree = SOURCE_ROOT; };
		3A56950EA6FD4AD1A37DB24E /* CMakeLists.txt */ = {isa = PBXFileReference; explicitFileType = sourcecode.text; fileEncoding = 4; lastKnownFileType = text; name = CMakeLists.txt; path = src/CMakeLists.txt; sourceTree = SOURCE_ROOT; };
		3CAE1E3E2D2A4055851049B6 /* CMakeLists.txt */ = {isa = PBXFileReference; explicitFileType = sourcecode.text; fileEncoding = 4; lastKnownFileType = text; path = CMakeLists.txt; sourceTree = SOURCE_ROOT; };
		41015209F81B4BEEA33A2CB7 /* witnesscalc.h */ = {isa = PBXFileReference; explicitFileType = sourcecode.c.h; fileEncoding = 4; name = witnesscalc.h; path = src/witnesscalc.h; sourceTree = SOURCE_ROOT; };
		428598E8D916444785DF67E8 /* Info.plist */ = {isa = PBXFileReference; explicitFileType = sourcecode.text.plist; fileEncoding = 4; lastKnownFileType = text.plist; name = Info.plist; path = build_witnesscalc_ios_simulator_x86_64/src/CMakeFiles/witnesscalc_credentialAtomicQueryMTPV2Static.dir/Info.plist; sourceTree = SOURCE_ROOT; };
		44231BDA3CA0437EA4B17338 /* Info.plist */ = {isa = PBXFileReference; explicitFileType = sourcecode.text.plist; fileEncoding = 4; lastKnownFileType = text.plist.xml; name = Info.plist; path = build_witnesscalc_ios_simulator_x86_64/src/CMakeFiles/credentialAtomicQuerySigV2OnChain.dir/Info.plist; sourceTree = SOURCE_ROOT; };
		45F2CC05E9C541E8BC57A1C5 /* Info.plist */ = {isa = PBXFileReference; explicitFileType = sourcecode.text.plist; fileEncoding = 4; lastKnownFileType = text.plist; name = Info.plist; path = build_witnesscalc_ios_simulator_x86_64/src/CMakeFiles/witnesscalc_credentialAtomicQuerySigV2OnChain.dir/Info.plist; sourceTree = SOURCE_ROOT; };
		4BDF7357E3884C24858DA64D /* CMakeLists.txt */ = {isa = PBXFileReference; explicitFileType = sourcecode.text; fileEncoding = 4; lastKnownFileType = text; name = CMakeLists.txt; path = src/CMakeLists.txt; sourceTree = SOURCE_ROOT; };
		4DBD63DF01CB426CBEE04809 /* credentialAtomicQueryMTPV2OnChain.cpp */ = {isa = PBXFileReference; explicitFileType = sourcecode.cpp.cpp; fileEncoding = 4; name = credentialAtomicQueryMTPV2OnChain.cpp; path = src/credentialAtomicQueryMTPV2OnChain.cpp; sourceTree = SOURCE_ROOT; };
		4E8A831D215B4111A9CDC324 /* Info.plist */ = {isa = PBXFileReference; explicitFileType = sourcecode.text.plist; fileEncoding = 4; lastKnownFileType = text.plist.xml; name = Info.plist; path = build_witnesscalc_ios_simulator_x86_64/src/CMakeFiles/credentialAtomicQuerySigV2.dir/Info.plist; sourceTree = SOURCE_ROOT; };
		4F1605552DFA4B9BAAC0B4A8 /* witnesscalc_credentialAtomicQueryMTPV2OnChain.h */ = {isa = PBXFileReference; explicitFileType = sourcecode.c.h; fileEncoding = 4; name = witnesscalc_credentialAtomicQueryMTPV2OnChain.h; path = src/witnesscalc_credentialAtomicQueryMTPV2OnChain.h; sourceTree = SOURCE_ROOT; };
		4F45D52B787A4BA9A4F7ECAB /* Info.plist */ = {isa = PBXFileReference; explicitFileType = sourcecode.text.plist; fileEncoding = 4; lastKnownFileType = text.plist; name = Info.plist; path = build_witnesscalc_ios_simulator_x86_64/src/CMakeFiles/witnesscalc_credentialAtomicQuerySigV2.dir/Info.plist; sourceTree = SOURCE_ROOT; };
		50A1E16FDB554CBB9D3B3185 /* CMakeLists.txt */ = {isa = PBXFileReference; explicitFileType = sourcecode.text; fileEncoding = 4; lastKnownFileType = text; name = CMakeLists.txt; path = src/CMakeLists.txt; sourceTree = SOURCE_ROOT; };
		5911A58DB5ED43CEA5FE8E68 /* witnesscalc.h */ = {isa = PBXFileReference; explicitFileType = sourcecode.c.h; fileEncoding = 4; name = witnesscalc.h; path = src/witnesscalc.h; sourceTree = SOURCE_ROOT; };
		5C734145881D4D5BB6686927 /* fr.hpp */ = {isa = PBXFileReference; explicitFileType = sourcecode.cpp.h; fileEncoding = 4; name = fr.hpp; path = build/fr.hpp; sourceTree = SOURCE_ROOT; };
		5EF673C02BD34EA6A8A4D9BB /* witnesscalc_credentialAtomicQueryMTPV2.cpp */ = {isa = PBXFileReference; explicitFileType = sourcecode.cpp.cpp; fileEncoding = 4; name = witnesscalc_credentialAtomicQueryMTPV2.cpp; path = src/witnesscalc_credentialAtomicQueryMTPV2.cpp; sourceTree = SOURCE_ROOT; };
		60E484BD28444B61ACBFE7A3 /* libwitnesscalc_credentialAtomicQueryMTPV2.a */ = {isa = PBXFileReference; explicitFileType = archive.ar; path = libwitnesscalc_credentialAtomicQueryMTPV2.a; sourceTree = BUILT_PRODUCTS_DIR; };
		640F29360E8C475B91921773 /* witnesscalc_credentialAtomicQueryMTPV2OnChain.cpp */ = {isa = PBXFileReference; explicitFileType = sourcecode.cpp.cpp; fileEncoding = 4; name = witnesscalc_credentialAtomicQueryMTPV2OnChain.cpp; path = src/witnesscalc_credentialAtomicQueryMTPV2OnChain.cpp; sourceTree = SOURCE_ROOT; };
		663F9CE890BB429F9F5E643A /* witnesscalc_credentialAtomicQueryMTPV2OnChain.cpp */ = {isa = PBXFileReference; explicitFileType = sourcecode.cpp.cpp; fileEncoding = 4; name = witnesscalc_credentialAtomicQueryMTPV2OnChain.cpp; path = src/witnesscalc_credentialAtomicQueryMTPV2OnChain.cpp; sourceTree = SOURCE_ROOT; };
		6B14F2132C4A4090899E2C23 /* Info.plist */ = {isa = PBXFileReference; explicitFileType = sourcecode.text.plist; fileEncoding = 4; lastKnownFileType = text.plist.xml; name = Info.plist; path = build_witnesscalc_ios_simulator_x86_64/src/CMakeFiles/tests.dir/Info.plist; sourceTree = SOURCE_ROOT; };
		6EAA16A6805C434E809CC167 /* Info.plist */ = {isa = PBXFileReference; explicitFileType = sourcecode.text.plist; fileEncoding = 4; lastKnownFileType = text.plist; name = Info.plist; path = build_witnesscalc_ios_simulator_x86_64/src/CMakeFiles/witnesscalc_credentialAtomicQueryMTPV2.dir/Info.plist; sourceTree = SOURCE_ROOT; };
		6F4D04C32A17453B87C66A6E /* witnesscalc.h */ = {isa = PBXFileReference; explicitFileType = sourcecode.c.h; fileEncoding = 4; name = witnesscalc.h; path = src/witnesscalc.h; sourceTree = SOURCE_ROOT; };
		7777BD1F26E54B6C8868BCAA /* Info.plist */ = {isa = PBXFileReference; explicitFileType = sourcecode.text.plist; fileEncoding = 4; lastKnownFileType = text.plist; name = Info.plist; path = build_witnesscalc_ios_simulator_x86_64/src/CMakeFiles/witnesscalc_credentialAtomicQueryMTPV2OnChain.dir/Info.plist; sourceTree = SOURCE_ROOT; };
		7778A36BA8694A269753D384 /* CMakeLists.txt */ = {isa = PBXFileReference; explicitFileType = sourcecode.text; fileEncoding = 4; lastKnownFileType = text; name = CMakeLists.txt; path = src/CMakeLists.txt; sourceTree = SOURCE_ROOT; };
		778504970E664BA1BDDAFEE8 /* CMakeLists.txt */ = {isa = PBXFileReference; explicitFileType = sourcecode.text; fileEncoding = 4; lastKnownFileType = text; name = CMakeLists.txt; path = src/CMakeLists.txt; sourceTree = SOURCE_ROOT; };
		7807967C37C648E9A415640A /* witnesscalc_credentialAtomicQuerySigV2OnChain.h */ = {isa = PBXFileReference; explicitFileType = sourcecode.c.h; fileEncoding = 4; name = witnesscalc_credentialAtomicQuerySigV2OnChain.h; path = src/witnesscalc_credentialAtomicQuerySigV2OnChain.h; sourceTree = SOURCE_ROOT; };
		7B177DD3B50A4B6F865C133F /* witnesscalc.h */ = {isa = PBXFileReference; explicitFileType = sourcecode.c.h; fileEncoding = 4; name = witnesscalc.h; path = src/witnesscalc.h; sourceTree = SOURCE_ROOT; };
		7D79B75174FC4BF9B4AD482D /* credentialAtomicQueryMTPV2.cpp */ = {isa = PBXFileReference; explicitFileType = sourcecode.cpp.cpp; fileEncoding = 4; name = credentialAtomicQueryMTPV2.cpp; path = src/credentialAtomicQueryMTPV2.cpp; sourceTree = SOURCE_ROOT; };
		7F12EC514EF4471A95B00331 /* calcwit.cpp */ = {isa = PBXFileReference; explicitFileType = sourcecode.cpp.cpp; fileEncoding = 4; name = calcwit.cpp; path = src/calcwit.cpp; sourceTree = SOURCE_ROOT; };
		7F81CC5C19FE4F9391138ED8 /* Info.plist */ = {isa = PBXFileReference; explicitFileType = sourcecode.text.plist; fileEncoding = 4; lastKnownFileType = text.plist.xml; name = Info.plist; path = build_witnesscalc_ios_simulator_x86_64/src/CMakeFiles/credentialAtomicQueryMTPV2OnChain.dir/Info.plist; sourceTree = SOURCE_ROOT; };
		8535AA3FDC4B4A9C90C7C04E /* witnesscalc_authV2.cpp */ = {isa = PBXFileReference; explicitFileType = sourcecode.cpp.cpp; fileEncoding = 4; name = witnesscalc_authV2.cpp; path = src/witnesscalc_authV2.cpp; sourceTree = SOURCE_ROOT; };
		87E86653903A4BD7A31BCF58 /* CMakeLists.txt */ = {isa = PBXFileReference; explicitFileType = sourcecode.text; fileEncoding = 4; lastKnownFileType = text; name = CMakeLists.txt; path = src/CMakeLists.txt; sourceTree = SOURCE_ROOT; };
		89A88C03A0414D0D8AAA98DF /* authV2.cpp */ = {isa = PBXFileReference; explicitFileType = sourcecode.cpp.cpp; fileEncoding = 4; name = authV2.cpp; path = src/authV2.cpp; sourceTree = SOURCE_ROOT; };
		8A546E0AD3844847936DFD25 /* witnesscalc.h */ = {isa = PBXFileReference; explicitFileType = sourcecode.c.h; fileEncoding = 4; name = witnesscalc.h; path = src/witnesscalc.h; sourceTree = SOURCE_ROOT; };
		8ADC5510F2F840E38886D4CC /* CMakeLists.txt */ = {isa = PBXFileReference; explicitFileType = sourcecode.text; fileEncoding = 4; lastKnownFileType = text; name = CMakeLists.txt; path = src/CMakeLists.txt; sourceTree = SOURCE_ROOT; };
		8E3E3A89DF224332B6D17AAB /* calcwit.cpp */ = {isa = PBXFileReference; explicitFileType = sourcecode.cpp.cpp; fileEncoding = 4; name = calcwit.cpp; path = src/calcwit.cpp; sourceTree = SOURCE_ROOT; };
		8E8A0AF245004F41A25BC6E9 /* Info.plist */ = {isa = PBXFileReference; explicitFileType = sourcecode.text.plist; fileEncoding = 4; lastKnownFileType = text.plist; name = Info.plist; path = build_witnesscalc_ios_simulator_x86_64/src/CMakeFiles/witnesscalc_authV2.dir/Info.plist; sourceTree = SOURCE_ROOT; };
		8E8EA3B472BF40B2996F65EB /* credentialAtomicQuerySigV2.cpp */ = {isa = PBXFileReference; explicitFileType = sourcecode.cpp.cpp; fileEncoding = 4; name = credentialAtomicQuerySigV2.cpp; path = src/credentialAtomicQuerySigV2.cpp; sourceTree = SOURCE_ROOT; };
		8ECB55E030E34C43A5B2A300 /* witnesscalc_credentialAtomicQuerySigV2.h */ = {isa = PBXFileReference; explicitFileType = sourcecode.c.h; fileEncoding = 4; name = witnesscalc_credentialAtomicQuerySigV2.h; path = src/witnesscalc_credentialAtomicQuerySigV2.h; sourceTree = SOURCE_ROOT; };
		914667DFC7D5421A8B7ED6AF /* witnesscalc.cpp */ = {isa = PBXFileReference; explicitFileType = sourcecode.cpp.cpp; fileEncoding = 4; name = witnesscalc.cpp; path = src/witnesscalc.cpp; sourceTree = SOURCE_ROOT; };
		92491EF9890B4E70870DC24D /* witnesscalc.h */ = {isa = PBXFileReference; explicitFileType = sourcecode.c.h; fileEncoding = 4; name = witnesscalc.h; path = src/witnesscalc.h; sourceTree = SOURCE_ROOT; };
		971291E316DC45EDA7AA798F /* CMakeLists.txt */ = {isa = PBXFileReference; explicitFileType = sourcecode.text; fileEncoding = 4; lastKnownFileType = text; name = CMakeLists.txt; path = src/CMakeLists.txt; sourceTree = SOURCE_ROOT; };
		9A543B68B1B949C79E383923 /* main.cpp */ = {isa = PBXFileReference; explicitFileType = sourcecode.cpp.cpp; fileEncoding = 4; name = main.cpp; path = src/main.cpp; sourceTree = SOURCE_ROOT; };
		9B34694DBBBA45CAA04E455A /* witnesscalc.cpp */ = {isa = PBXFileReference; explicitFileType = sourcecode.cpp.cpp; fileEncoding = 4; name = witnesscalc.cpp; path = src/witnesscalc.cpp; sourceTree = SOURCE_ROOT; };
		9CCCFC90E1BD452D8A929011 /* fr_asm.o.rule */ = {isa = PBXFileReference; explicitFileType = sourcecode; fileEncoding = 4; name = fr_asm.o.rule; path = build/fr_asm.o.rule; sourceTree = SOURCE_ROOT; };
		9DD66FCE5F164B7ABC7FF9E2 /* witnesscalc_authV2.h */ = {isa = PBXFileReference; explicitFileType = sourcecode.c.h; fileEncoding = 4; name = witnesscalc_authV2.h; path = src/witnesscalc_authV2.h; sourceTree = SOURCE_ROOT; };
		9FA4B6563A26463AB1B998C5 /* calcwit.cpp */ = {isa = PBXFileReference; explicitFileType = sourcecode.cpp.cpp; fileEncoding = 4; name = calcwit.cpp; path = src/calcwit.cpp; sourceTree = SOURCE_ROOT; };
		9FC207A304C348D08E666607 /* witnesscalc.h */ = {isa = PBXFileReference; explicitFileType = sourcecode.c.h; fileEncoding = 4; name = witnesscalc.h; path = src/witnesscalc.h; sourceTree = SOURCE_ROOT; };
		A0E68D060D6C4632B5BD6195 /* main.cpp */ = {isa = PBXFileReference; explicitFileType = sourcecode.cpp.cpp; fileEncoding = 4; name = main.cpp; path = src/main.cpp; sourceTree = SOURCE_ROOT; };
		A127839DAF344764BFC7147C /* CMakeLists.txt */ = {isa = PBXFileReference; explicitFileType = sourcecode.text; fileEncoding = 4; lastKnownFileType = text; name = CMakeLists.txt; path = src/CMakeLists.txt; sourceTree = SOURCE_ROOT; };
		A2C33C755CEF490F978EAD84 /* credentialAtomicQueryMTPV2.cpp */ = {isa = PBXFileReference; explicitFileType = sourcecode.cpp.cpp; fileEncoding = 4; name = credentialAtomicQueryMTPV2.cpp; path = src/credentialAtomicQueryMTPV2.cpp; sourceTree = SOURCE_ROOT; };
		A61E45A7EDA740AF9EC2733B /* witnesscalc_credentialAtomicQuerySigV2OnChain.h */ = {isa = PBXFileReference; explicitFileType = sourcecode.c.h; fileEncoding = 4; name = witnesscalc_credentialAtomicQuerySigV2OnChain.h; path = src/witnesscalc_credentialAtomicQuerySigV2OnChain.h; sourceTree = SOURCE_ROOT; };
		A62CE32B748546A1946277BB /* libwitnesscalc_authV2.a */ = {isa = PBXFileReference; explicitFileType = archive.ar; path = libwitnesscalc_authV2.a; sourceTree = BUILT_PRODUCTS_DIR; };
		A84659BEC1904C21AAED3653 /* witnesscalc_credentialAtomicQuerySigV2OnChain.cpp */ = {isa = PBXFileReference; explicitFileType = sourcecode.cpp.cpp; fileEncoding = 4; name = witnesscalc_credentialAtomicQuerySigV2OnChain.cpp; path = src/witnesscalc_credentialAtomicQuerySigV2OnChain.cpp; sourceTree = SOURCE_ROOT; };
		AAB8ED31B4174DFAA0A38D54 /* witnesscalc_credentialAtomicQuerySigV2OnChain.cpp */ = {isa = PBXFileReference; explicitFileType = sourcecode.cpp.cpp; fileEncoding = 4; name = witnesscalc_credentialAtomicQuerySigV2OnChain.cpp; path = src/witnesscalc_credentialAtomicQuerySigV2OnChain.cpp; sourceTree = SOURCE_ROOT; };
		ABF176DDAE594374B962579D /* credentialAtomicQuerySigV2OnChain.cpp */ = {isa = PBXFileReference; explicitFileType = sourcecode.cpp.cpp; fileEncoding = 4; name = credentialAtomicQuerySigV2OnChain.cpp; path = src/credentialAtomicQuerySigV2OnChain.cpp; sourceTree = SOURCE_ROOT; };
		AC1AD6A4F31F4CE284E612A2 /* Info.plist */ = {isa = PBXFileReference; explicitFileType = sourcecode.text.plist; fileEncoding = 4; lastKnownFileType = text.plist; name = Info.plist; path = build_witnesscalc_ios_simulator_x86_64/src/CMakeFiles/witnesscalc_credentialAtomicQuerySigV2Static.dir/Info.plist; sourceTree = SOURCE_ROOT; };
		AF25D5DC19D844A5BDCB26DA /* fr.cpp */ = {isa = PBXFileReference; explicitFileType = sourcecode.cpp.cpp; fileEncoding = 4; name = fr.cpp; path = build/fr.cpp; sourceTree = SOURCE_ROOT; };
		AF7A5AEE5BBB425699D308EA /* calcwit.cpp */ = {isa = PBXFileReference; explicitFileType = sourcecode.cpp.cpp; fileEncoding = 4; name = calcwit.cpp; path = src/calcwit.cpp; sourceTree = SOURCE_ROOT; };
		B42496D7583E45B2BA025B81 /* credentialAtomicQuerySigV2.cpp */ = {isa = PBXFileReference; explicitFileType = sourcecode.cpp.cpp; fileEncoding = 4; name = credentialAtomicQuerySigV2.cpp; path = src/credentialAtomicQuerySigV2.cpp; sourceTree = SOURCE_ROOT; };
		BB51FAB2A2F04B7CBA4E474D /* witnesscalc.cpp */ = {isa = PBXFileReference; explicitFileType = sourcecode.cpp.cpp; fileEncoding = 4; name = witnesscalc.cpp; path = src/witnesscalc.cpp; sourceTree = SOURCE_ROOT; };
		C339906A4E994D678E863DC8 /* witnesscalc_authV2.h */ = {isa = PBXFileReference; explicitFileType = sourcecode.c.h; fileEncoding = 4; name = witnesscalc_authV2.h; path = src/witnesscalc_authV2.h; sourceTree = SOURCE_ROOT; };
		C3E46B9F62B6425087EA0BD0 /* calcwit.cpp */ = {isa = PBXFileReference; explicitFileType = sourcecode.cpp.cpp; fileEncoding = 4; name = calcwit.cpp; path = src/calcwit.cpp; sourceTree = SOURCE_ROOT; };
		C7BB1AAAE7D34D3582E57A30 /* witnesscalc.cpp */ = {isa = PBXFileReference; explicitFileType = sourcecode.cpp.cpp; fileEncoding = 4; name = witnesscalc.cpp; path = src/witnesscalc.cpp; sourceTree = SOURCE_ROOT; };
		C8918059A9794BFE8DEF9A77 /* CMakeLists.txt */ = {isa = PBXFileReference; explicitFileType = sourcecode.text; fileEncoding = 4; lastKnownFileType = text; name = CMakeLists.txt; path = src/CMakeLists.txt; sourceTree = SOURCE_ROOT; };
		C9FD78BAB4C043CEB46E95DA /* calcwit.cpp */ = {isa = PBXFileReference; explicitFileType = sourcecode.cpp.cpp; fileEncoding = 4; name = calcwit.cpp; path = src/calcwit.cpp; sourceTree = SOURCE_ROOT; };
		CB16FE12DF734869AC53444C /* witnesscalc.cpp */ = {isa = PBXFileReference; explicitFileType = sourcecode.cpp.cpp; fileEncoding = 4; name = witnesscalc.cpp; path = src/witnesscalc.cpp; sourceTree = SOURCE_ROOT; };
		CB24CF522A8A4132A3C369B1 /* witnesscalc.cpp */ = {isa = PBXFileReference; explicitFileType = sourcecode.cpp.cpp; fileEncoding = 4; name = witnesscalc.cpp; path = src/witnesscalc.cpp; sourceTree = SOURCE_ROOT; };
		CF913AAE0C4B45EEBDF4720C /* witnesscalc.h */ = {isa = PBXFileReference; explicitFileType = sourcecode.c.h; fileEncoding = 4; name = witnesscalc.h; path = src/witnesscalc.h; sourceTree = SOURCE_ROOT; };
		D0BC99B49C38450781CAD582 /* fr_asm.o */ = {isa = PBXFileReference; fileEncoding = 4; lastKnownFileType = "compiled.mach-o.objfile"; name = fr_asm.o; path = build/fr_asm.o; sourceTree = SOURCE_ROOT; };
		D7CEFE30128B4DA1953B075E /* credentialAtomicQueryMTPV2OnChain.cpp */ = {isa = PBXFileReference; explicitFileType = sourcecode.cpp.cpp; fileEncoding = 4; name = credentialAtomicQueryMTPV2OnChain.cpp; path = src/credentialAtomicQueryMTPV2OnChain.cpp; sourceTree = SOURCE_ROOT; };
		DB9017CF6703496EACDCE788 /* calcwit.cpp */ = {isa = PBXFileReference; explicitFileType = sourcecode.cpp.cpp; fileEncoding = 4; name = calcwit.cpp; path = src/calcwit.cpp; sourceTree = SOURCE_ROOT; };
		DBF814AE52DD4353B57D89DC /* witnesscalc_credentialAtomicQueryMTPV2.cpp */ = {isa = PBXFileReference; explicitFileType = sourcecode.cpp.cpp; fileEncoding = 4; name = witnesscalc_credentialAtomicQueryMTPV2.cpp; path = src/witnesscalc_credentialAtomicQueryMTPV2.cpp; sourceTree = SOURCE_ROOT; };
		DDBBCCDF998D44F98429D763 /* main.cpp */ = {isa = PBXFileReference; explicitFileType = sourcecode.cpp.cpp; fileEncoding = 4; name = main.cpp; path = src/main.cpp; sourceTree = SOURCE_ROOT; };
		DE3A67F94B7C459EB349031A /* CMakeLists.txt */ = {isa = PBXFileReference; explicitFileType = sourcecode.text; fileEncoding = 4; lastKnownFileType = text; name = CMakeLists.txt; path = src/CMakeLists.txt; sourceTree = SOURCE_ROOT; };
		DF5E4F71C35E48AA8FCAE5EA /* witnesscalc.cpp */ = {isa = PBXFileReference; explicitFileType = sourcecode.cpp.cpp; fileEncoding = 4; name = witnesscalc.cpp; path = src/witnesscalc.cpp; sourceTree = SOURCE_ROOT; };
		DFA33A77DF8A49738C1570ED /* libwitnesscalc_credentialAtomicQuerySigV2.a */ = {isa = PBXFileReference; explicitFileType = archive.ar; path = libwitnesscalc_credentialAtomicQuerySigV2.a; sourceTree = BUILT_PRODUCTS_DIR; };
		DFC3F2E4CC094404A67B27C9 /* CMakeLists.txt */ = {isa = PBXFileReference; explicitFileType = sourcecode.text; fileEncoding = 4; lastKnownFileType = text; name = CMakeLists.txt; path = src/CMakeLists.txt; sourceTree = SOURCE_ROOT; };
		E03B9E308E304FF3A03D0A14 /* Info.plist */ = {isa = PBXFileReference; explicitFileType = sourcecode.text.plist; fileEncoding = 4; lastKnownFileType = text.plist; name = Info.plist; path = build_witnesscalc_ios_simulator_x86_64/src/CMakeFiles/witnesscalc_credentialAtomicQueryMTPV2OnChainStatic.dir/Info.plist; sourceTree = SOURCE_ROOT; };
		E0C36B9231F2443F8F312F74 /* Info.plist */ = {isa = PBXFileReference; explicitFileType = sourcecode.text.plist; fileEncoding = 4; lastKnownFileType = text.plist.xml; name = Info.plist; path = build_witnesscalc_ios_simulator_x86_64/src/CMakeFiles/credentialAtomicQueryMTPV2.dir/Info.plist; sourceTree = SOURCE_ROOT; };
		E354B16BE7AF446CA032A272 /* CMakeLists.txt */ = {isa = PBXFileReference; explicitFileType = sourcecode.text; fileEncoding = 4; lastKnownFileType = text; name = CMakeLists.txt; path = src/CMakeLists.txt; sourceTree = SOURCE_ROOT; };
		E3EF0BC6CA5E42B5B95EF682 /* Info.plist */ = {isa = PBXFileReference; explicitFileType = sourcecode.text.plist; fileEncoding = 4; lastKnownFileType = text.plist; name = Info.plist; path = build_witnesscalc_ios_simulator_x86_64/src/CMakeFiles/fr.dir/Info.plist; sourceTree = SOURCE_ROOT; };
		E4BA24D59F0A47C4B0024062 /* main.cpp */ = {isa = PBXFileReference; explicitFileType = sourcecode.cpp.cpp; fileEncoding = 4; name = main.cpp; path = src/main.cpp; sourceTree = SOURCE_ROOT; };
		E4F5D653679F4E5FA4A1E4F9 /* witnesscalc_credentialAtomicQuerySigV2.cpp */ = {isa = PBXFileReference; explicitFileType = sourcecode.cpp.cpp; fileEncoding = 4; name = witnesscalc_credentialAtomicQuerySigV2.cpp; path = src/witnesscalc_credentialAtomicQuerySigV2.cpp; sourceTree = SOURCE_ROOT; };
		E7D6FFFB1E5942A29A1CF18E /* authV2.cpp */ = {isa = PBXFileReference; explicitFileType = sourcecode.cpp.cpp; fileEncoding = 4; name = authV2.cpp; path = src/authV2.cpp; sourceTree = SOURCE_ROOT; };
		E9DF628C3CD14D91B5CBB035 /* witnesscalc_credentialAtomicQuerySigV2.h */ = {isa = PBXFileReference; explicitFileType = sourcecode.c.h; fileEncoding = 4; name = witnesscalc_credentialAtomicQuerySigV2.h; path = src/witnesscalc_credentialAtomicQuerySigV2.h; sourceTree = SOURCE_ROOT; };
		E9F83C2CB5D24DDE907F8209 /* libwitnesscalc_credentialAtomicQuerySigV2OnChain.a */ = {isa = PBXFileReference; explicitFileType = archive.ar; path = libwitnesscalc_credentialAtomicQuerySigV2OnChain.a; sourceTree = BUILT_PRODUCTS_DIR; };
		EA9B0FFEE5D5444F88577C9B /* libwitnesscalc_credentialAtomicQueryMTPV2OnChain.a */ = {isa = PBXFileReference; explicitFileType = archive.ar; path = libwitnesscalc_credentialAtomicQueryMTPV2OnChain.a; sourceTree = BUILT_PRODUCTS_DIR; };
		F0835F8AD0364BD19F55F821 /* Info.plist */ = {isa = PBXFileReference; explicitFileType = sourcecode.text.plist; fileEncoding = 4; lastKnownFileType = text.plist.xml; name = Info.plist; path = build_witnesscalc_ios_simulator_x86_64/src/CMakeFiles/test_platform.dir/Info.plist; sourceTree = SOURCE_ROOT; };
		F83E795076094A76B52A617A /* Info.plist */ = {isa = PBXFileReference; explicitFileType = sourcecode.text.plist; fileEncoding = 4; lastKnownFileType = text.plist.xml; name = Info.plist; path = build_witnesscalc_ios_simulator_x86_64/src/CMakeFiles/authV2.dir/Info.plist; sourceTree = SOURCE_ROOT; };
		F915E22171A741D7A0BE4B75 /* CMakeLists.txt */ = {isa = PBXFileReference; explicitFileType = sourcecode.text; fileEncoding = 4; lastKnownFileType = text; name = CMakeLists.txt; path = src/CMakeLists.txt; sourceTree = SOURCE_ROOT; };
		F9E559316BC14B8F972ECC9C /* test_platform.cpp */ = {isa = PBXFileReference; explicitFileType = sourcecode.cpp.cpp; fileEncoding = 4; name = test_platform.cpp; path = src/test_platform.cpp; sourceTree = SOURCE_ROOT; };
		F9F79AE347994EBC9CEA2FEB /* witnesscalc_credentialAtomicQuerySigV2.cpp */ = {isa = PBXFileReference; explicitFileType = sourcecode.cpp.cpp; fileEncoding = 4; name = witnesscalc_credentialAtomicQuerySigV2.cpp; path = src/witnesscalc_credentialAtomicQuerySigV2.cpp; sourceTree = SOURCE_ROOT; };
		FBC03A0AD0064D7BA2FBEAF8 /* main.cpp */ = {isa = PBXFileReference; explicitFileType = sourcecode.cpp.cpp; fileEncoding = 4; name = main.cpp; path = src/main.cpp; sourceTree = SOURCE_ROOT; };
		FE1C344C36AC4C6987603747 /* witnesscalc_credentialAtomicQueryMTPV2OnChain.h */ = {isa = PBXFileReference; explicitFileType = sourcecode.c.h; fileEncoding = 4; name = witnesscalc_credentialAtomicQueryMTPV2OnChain.h; path = src/witnesscalc_credentialAtomicQueryMTPV2OnChain.h; sourceTree = SOURCE_ROOT; };
		FE949B54230241AC90457689 /* witnesscalc.cpp */ = {isa = PBXFileReference; explicitFileType = sourcecode.cpp.cpp; fileEncoding = 4; name = witnesscalc.cpp; path = src/witnesscalc.cpp; sourceTree = SOURCE_ROOT; };
		FF9B1595798D43C480ECB358 /* tests.cpp */ = {isa = PBXFileReference; explicitFileType = sourcecode.cpp.cpp; fileEncoding = 4; name = tests.cpp; path = src/tests.cpp; sourceTree = SOURCE_ROOT; };
/* End PBXFileReference section */

/* Begin PBXFrameworksBuildPhase section */
		61D507270AD447F4A1D77EF1 /* Frameworks */ = {
			isa = PBXFrameworksBuildPhase;
			buildActionMask = 2147483647;
			files = (
			);
			runOnlyForDeploymentPostprocessing = 0;
		};
		9B1A01FBE8144E76AA38D033 /* Frameworks */ = {
			isa = PBXFrameworksBuildPhase;
			buildActionMask = 2147483647;
			files = (
			);
			runOnlyForDeploymentPostprocessing = 0;
		};
		C68B8B3CF753425F91D571FD /* Frameworks */ = {
			isa = PBXFrameworksBuildPhase;
			buildActionMask = 2147483647;
			files = (
			);
			runOnlyForDeploymentPostprocessing = 0;
		};
		E068A21EFA034A4092BDDA66 /* Frameworks */ = {
			isa = PBXFrameworksBuildPhase;
			buildActionMask = 2147483647;
			files = (
			);
			runOnlyForDeploymentPostprocessing = 0;
		};
		FA2E18D540834F828634B510 /* Frameworks */ = {
			isa = PBXFrameworksBuildPhase;
			buildActionMask = 2147483647;
			files = (
			);
			runOnlyForDeploymentPostprocessing = 0;
		};
/* End PBXFrameworksBuildPhase section */

/* Begin PBXGroup section */
		02BE94119EEE4D3ABBB80A56 /* Header Files */ = {
			isa = PBXGroup;
			children = (
				92491EF9890B4E70870DC24D /* witnesscalc.h */,
				9DD66FCE5F164B7ABC7FF9E2 /* witnesscalc_authV2.h */,
			);
			name = "Header Files";
			sourceTree = "<group>";
		};
		06F7334C28D64938A457F8BB /* Frameworks */ = {
			isa = PBXGroup;
			children = (
			);
			name = Frameworks;
			sourceTree = "<group>";
		};
		07417EB59CA940C69184D2D4 /* witnesscalc_credentialAtomicQueryMTPV2Static */ = {
			isa = PBXGroup;
			children = (
				7DB337391B6048E19BE44E19 /* Source Files */,
				F8AC867D94C940E594CBC24C /* Header Files */,
				440CE0162387488B9B033C8A /* Resources */,
				87E86653903A4BD7A31BCF58 /* CMakeLists.txt */,
			);
			name = witnesscalc_credentialAtomicQueryMTPV2Static;
			sourceTree = "<group>";
		};
		09108E0914474B128A377C63 /* Resources */ = {
			isa = PBXGroup;
			children = (
				6EAA16A6805C434E809CC167 /* Info.plist */,
			);
			name = Resources;
			sourceTree = "<group>";
		};
		0945A8BA4FF94B2DB7FAE498 /* Resources */ = {
			isa = PBXGroup;
			children = (
				E0C36B9231F2443F8F312F74 /* Info.plist */,
			);
			name = Resources;
			sourceTree = "<group>";
		};
		0D054809589341C8BB9ED4AA /* Header Files */ = {
			isa = PBXGroup;
			children = (
				2F86FB8198064DAF9D92F355 /* witnesscalc.h */,
				FE1C344C36AC4C6987603747 /* witnesscalc_credentialAtomicQueryMTPV2OnChain.h */,
			);
			name = "Header Files";
			sourceTree = "<group>";
		};
		0F4E10BC7B924CB7A715B18D = {
			isa = PBXGroup;
			children = (
				88E8D996588C47A8A1327A73 /* ALL_BUILD */,
				625CA7CCB057400E8706C166 /* fr */,
				4C976B7EB9CE4DD49EF5E297 /* tests */,
				A4A1D8D993774B93AE9A35A6 /* test_platform */,
				855F9D14463648358B8302CF /* witnesscalc_authV2 */,
				51F4E6DBCE7E4D0D9A316B77 /* witnesscalc_authV2Static */,
				F097C0ECBECD4E1D8D03D3CB /* authV2 */,
				8766AD5BDCB74047AFEBB9C4 /* witnesscalc_credentialAtomicQueryMTPV2 */,
				07417EB59CA940C69184D2D4 /* witnesscalc_credentialAtomicQueryMTPV2Static */,
				37B02D106C4E4A8BBD6142D4 /* credentialAtomicQueryMTPV2 */,
				9C61EC5B5B9A4C639F0D38A2 /* witnesscalc_credentialAtomicQuerySigV2 */,
				3911FABD93E3478EA0CD8376 /* witnesscalc_credentialAtomicQuerySigV2Static */,
				0F56DAFC68984D4EB4B003EA /* credentialAtomicQuerySigV2 */,
				791A225CA2854C89A5587C38 /* witnesscalc_credentialAtomicQueryMTPV2OnChain */,
				E34CB95661F24D4886C97C79 /* witnesscalc_credentialAtomicQueryMTPV2OnChainStatic */,
				FFD9E347100A4D3CAFFE0A51 /* credentialAtomicQueryMTPV2OnChain */,
				849CCB088F8E4EC5B918BBFD /* witnesscalc_credentialAtomicQuerySigV2OnChain */,
				72F54494A3394E5D9214E459 /* witnesscalc_credentialAtomicQuerySigV2OnChainStatic */,
				38C34AC39AB44AC0A43A2605 /* credentialAtomicQuerySigV2OnChain */,
				CF66531405774C1998101C19 /* Products */,
				06F7334C28D64938A457F8BB /* Frameworks */,
			);
			sourceTree = "<group>";
		};
		0F56DAFC68984D4EB4B003EA /* credentialAtomicQuerySigV2 */ = {
			isa = PBXGroup;
			children = (
				260DE2BA80EE4E21A2194C2E /* Source Files */,
				D3308F9DF91F44E5A441E318 /* Resources */,
				156698C88680414DBB468B62 /* CMakeLists.txt */,
			);
			name = credentialAtomicQuerySigV2;
			sourceTree = "<group>";
		};
		1DFF01A980354FF59EAE2B9B /* Header Files */ = {
			isa = PBXGroup;
			children = (
				5C734145881D4D5BB6686927 /* fr.hpp */,
			);
			name = "Header Files";
			sourceTree = "<group>";
		};
		260DE2BA80EE4E21A2194C2E /* Source Files */ = {
			isa = PBXGroup;
			children = (
				DDBBCCDF998D44F98429D763 /* main.cpp */,
			);
			name = "Source Files";
			sourceTree = "<group>";
		};
		321D618A8BDE4D73B92BD58B /* Source Files */ = {
			isa = PBXGroup;
			children = (
				E4BA24D59F0A47C4B0024062 /* main.cpp */,
			);
			name = "Source Files";
			sourceTree = "<group>";
		};
		328C181FD5E2489A84CC4618 /* Header Files */ = {
			isa = PBXGroup;
			children = (
				7B177DD3B50A4B6F865C133F /* witnesscalc.h */,
				E9DF628C3CD14D91B5CBB035 /* witnesscalc_credentialAtomicQuerySigV2.h */,
			);
			name = "Header Files";
			sourceTree = "<group>";
		};
		3294DDAAA490402492E34C66 /* Source Files */ = {
			isa = PBXGroup;
			children = (
				F9E559316BC14B8F972ECC9C /* test_platform.cpp */,
			);
			name = "Source Files";
			sourceTree = "<group>";
		};
		32FC74E31FBD4319A9B3AF29 /* Resources */ = {
			isa = PBXGroup;
			children = (
				F83E795076094A76B52A617A /* Info.plist */,
			);
			name = Resources;
			sourceTree = "<group>";
		};
		37B02D106C4E4A8BBD6142D4 /* credentialAtomicQueryMTPV2 */ = {
			isa = PBXGroup;
			children = (
				CD39E5E9743B479A9A850D1F /* Source Files */,
				0945A8BA4FF94B2DB7FAE498 /* Resources */,
				3912C95144754A239C986EF9 /* CMakeLists.txt */,
			);
			name = credentialAtomicQueryMTPV2;
			sourceTree = "<group>";
		};
		38C34AC39AB44AC0A43A2605 /* credentialAtomicQuerySigV2OnChain */ = {
			isa = PBXGroup;
			children = (
				321D618A8BDE4D73B92BD58B /* Source Files */,
				E231F8852C94466EA246DBEE /* Resources */,
				A127839DAF344764BFC7147C /* CMakeLists.txt */,
			);
			name = credentialAtomicQuerySigV2OnChain;
			sourceTree = "<group>";
		};
		3911FABD93E3478EA0CD8376 /* witnesscalc_credentialAtomicQuerySigV2Static */ = {
			isa = PBXGroup;
			children = (
				FE7C94A59DDD4A73BA267C6A /* Source Files */,
				3AE284025DED4B4A8A94DF45 /* Header Files */,
				8978F9133FD5427390494EAF /* Resources */,
				E354B16BE7AF446CA032A272 /* CMakeLists.txt */,
			);
			name = witnesscalc_credentialAtomicQuerySigV2Static;
			sourceTree = "<group>";
		};
		3AE284025DED4B4A8A94DF45 /* Header Files */ = {
			isa = PBXGroup;
			children = (
				5911A58DB5ED43CEA5FE8E68 /* witnesscalc.h */,
				8ECB55E030E34C43A5B2A300 /* witnesscalc_credentialAtomicQuerySigV2.h */,
			);
			name = "Header Files";
			sourceTree = "<group>";
		};
		440CE0162387488B9B033C8A /* Resources */ = {
			isa = PBXGroup;
			children = (
				428598E8D916444785DF67E8 /* Info.plist */,
			);
			name = Resources;
			sourceTree = "<group>";
		};
		46351FBAE7A64948B6346A57 /* Resources */ = {
			isa = PBXGroup;
			children = (
				7777BD1F26E54B6C8868BCAA /* Info.plist */,
			);
			name = Resources;
			sourceTree = "<group>";
		};
		4A8E948300A84152B9766B8B /* Header Files */ = {
			isa = PBXGroup;
			children = (
				23308E1FC29848979A9E4C3D /* witnesscalc.h */,
				4F1605552DFA4B9BAAC0B4A8 /* witnesscalc_credentialAtomicQueryMTPV2OnChain.h */,
			);
			name = "Header Files";
			sourceTree = "<group>";
		};
		4B57B51F618B4737A575305F /* Header Files */ = {
			isa = PBXGroup;
			children = (
				6F4D04C32A17453B87C66A6E /* witnesscalc.h */,
				C339906A4E994D678E863DC8 /* witnesscalc_authV2.h */,
			);
			name = "Header Files";
			sourceTree = "<group>";
		};
		4C976B7EB9CE4DD49EF5E297 /* tests */ = {
			isa = PBXGroup;
			children = (
				FB37BF050DC449C884D7320E /* Source Files */,
				B4A7F86482074039899B3C52 /* Resources */,
				778504970E664BA1BDDAFEE8 /* CMakeLists.txt */,
			);
			name = tests;
			sourceTree = "<group>";
		};
		51F4E6DBCE7E4D0D9A316B77 /* witnesscalc_authV2Static */ = {
			isa = PBXGroup;
			children = (
				C1FFF0D6BA0441CDBEF51B20 /* Source Files */,
				02BE94119EEE4D3ABBB80A56 /* Header Files */,
				B664A827EF79426F995B75B6 /* Resources */,
				C8918059A9794BFE8DEF9A77 /* CMakeLists.txt */,
			);
			name = witnesscalc_authV2Static;
			sourceTree = "<group>";
		};
		5248CBBE36254C21B9FF702A /* CMake Rules */ = {
			isa = PBXGroup;
			children = (
			);
			name = "CMake Rules";
			sourceTree = "<group>";
		};
		5E4A4D1F39B04B9DA560A73B /* Source Files */ = {
			isa = PBXGroup;
			children = (
				FBC03A0AD0064D7BA2FBEAF8 /* main.cpp */,
			);
			name = "Source Files";
			sourceTree = "<group>";
		};
		625CA7CCB057400E8706C166 /* fr */ = {
			isa = PBXGroup;
			children = (
				1DFF01A980354FF59EAE2B9B /* Header Files */,
				8A279E2332FB43248D36F47F /* Source Files */,
				DF8C5EBD617244808673081C /* Object Files */,
				E0BBAC42287D4040BA735323 /* CMake Rules */,
				CE4D3204F3364D66AA3EC88F /* Resources */,
				132837E67BFA46AB8F5045D3 /* CMakeLists.txt */,
			);
			name = fr;
			sourceTree = "<group>";
		};
		639B65CA464341D6A43327F4 /* Source Files */ = {
			isa = PBXGroup;
			children = (
				7F12EC514EF4471A95B00331 /* calcwit.cpp */,
				ABF176DDAE594374B962579D /* credentialAtomicQuerySigV2OnChain.cpp */,
				BB51FAB2A2F04B7CBA4E474D /* witnesscalc.cpp */,
				AAB8ED31B4174DFAA0A38D54 /* witnesscalc_credentialAtomicQuerySigV2OnChain.cpp */,
			);
			name = "Source Files";
			sourceTree = "<group>";
		};
		6D8AB741CF9448C486839EC1 /* Resources */ = {
			isa = PBXGroup;
			children = (
				21321678B4A54FE7B6C00FCE /* Info.plist */,
			);
			name = Resources;
			sourceTree = "<group>";
		};
		7246322BD22C40B7896BC279 /* Source Files */ = {
			isa = PBXGroup;
			children = (
				A0E68D060D6C4632B5BD6195 /* main.cpp */,
			);
			name = "Source Files";
			sourceTree = "<group>";
		};
		72F54494A3394E5D9214E459 /* witnesscalc_credentialAtomicQuerySigV2OnChainStatic */ = {
			isa = PBXGroup;
			children = (
				B2BD5483825348B7BDDFC325 /* Source Files */,
				FFAB9FF2784F41148ACF6566 /* Header Files */,
				6D8AB741CF9448C486839EC1 /* Resources */,
				8ADC5510F2F840E38886D4CC /* CMakeLists.txt */,
			);
			name = witnesscalc_credentialAtomicQuerySigV2OnChainStatic;
			sourceTree = "<group>";
		};
		791A225CA2854C89A5587C38 /* witnesscalc_credentialAtomicQueryMTPV2OnChain */ = {
			isa = PBXGroup;
			children = (
				C8E7DED556914F65B2EBD21B /* Source Files */,
				0D054809589341C8BB9ED4AA /* Header Files */,
				46351FBAE7A64948B6346A57 /* Resources */,
				3A56950EA6FD4AD1A37DB24E /* CMakeLists.txt */,
			);
			name = witnesscalc_credentialAtomicQueryMTPV2OnChain;
			sourceTree = "<group>";
		};
		7D4779387E0D4C04B2964B52 /* Resources */ = {
			isa = PBXGroup;
			children = (
				E03B9E308E304FF3A03D0A14 /* Info.plist */,
			);
			name = Resources;
			sourceTree = "<group>";
		};
		7DB337391B6048E19BE44E19 /* Source Files */ = {
			isa = PBXGroup;
			children = (
				9FA4B6563A26463AB1B998C5 /* calcwit.cpp */,
				7D79B75174FC4BF9B4AD482D /* credentialAtomicQueryMTPV2.cpp */,
				914667DFC7D5421A8B7ED6AF /* witnesscalc.cpp */,
				DBF814AE52DD4353B57D89DC /* witnesscalc_credentialAtomicQueryMTPV2.cpp */,
			);
			name = "Source Files";
			sourceTree = "<group>";
		};
		849CCB088F8E4EC5B918BBFD /* witnesscalc_credentialAtomicQuerySigV2OnChain */ = {
			isa = PBXGroup;
			children = (
				639B65CA464341D6A43327F4 /* Source Files */,
				9E92ABCFDEDC422590CA815A /* Header Files */,
				A18B56EF6EFE4B41A1A5AE30 /* Resources */,
				F915E22171A741D7A0BE4B75 /* CMakeLists.txt */,
			);
			name = witnesscalc_credentialAtomicQuerySigV2OnChain;
			sourceTree = "<group>";
		};
		855F9D14463648358B8302CF /* witnesscalc_authV2 */ = {
			isa = PBXGroup;
			children = (
				BADA2FD0B93D4D93BB913CD6 /* Source Files */,
				4B57B51F618B4737A575305F /* Header Files */,
				9AFE4C2697974EB2A7BDBB8E /* Resources */,
				DFC3F2E4CC094404A67B27C9 /* CMakeLists.txt */,
			);
			name = witnesscalc_authV2;
			sourceTree = "<group>";
		};
		8766AD5BDCB74047AFEBB9C4 /* witnesscalc_credentialAtomicQueryMTPV2 */ = {
			isa = PBXGroup;
			children = (
				8A9ED1BBA6C64DADB8FD677E /* Source Files */,
				A43AAA84F74848AD8878078F /* Header Files */,
				09108E0914474B128A377C63 /* Resources */,
				4BDF7357E3884C24858DA64D /* CMakeLists.txt */,
			);
			name = witnesscalc_credentialAtomicQueryMTPV2;
			sourceTree = "<group>";
		};
		88E8D996588C47A8A1327A73 /* ALL_BUILD */ = {
			isa = PBXGroup;
			children = (
				5248CBBE36254C21B9FF702A /* CMake Rules */,
				3CAE1E3E2D2A4055851049B6 /* CMakeLists.txt */,
			);
			name = ALL_BUILD;
			sourceTree = "<group>";
		};
		8978F9133FD5427390494EAF /* Resources */ = {
			isa = PBXGroup;
			children = (
				AC1AD6A4F31F4CE284E612A2 /* Info.plist */,
			);
			name = Resources;
			sourceTree = "<group>";
		};
		8A279E2332FB43248D36F47F /* Source Files */ = {
			isa = PBXGroup;
			children = (
				AF25D5DC19D844A5BDCB26DA /* fr.cpp */,
			);
			name = "Source Files";
			sourceTree = "<group>";
		};
		8A9ED1BBA6C64DADB8FD677E /* Source Files */ = {
			isa = PBXGroup;
			children = (
				2693316CDED4473380EF8C72 /* calcwit.cpp */,
				A2C33C755CEF490F978EAD84 /* credentialAtomicQueryMTPV2.cpp */,
				CB16FE12DF734869AC53444C /* witnesscalc.cpp */,
				5EF673C02BD34EA6A8A4D9BB /* witnesscalc_credentialAtomicQueryMTPV2.cpp */,
			);
			name = "Source Files";
			sourceTree = "<group>";
		};
		96CB2CCFA3314418841EB1CD /* Resources */ = {
			isa = PBXGroup;
			children = (
				F0835F8AD0364BD19F55F821 /* Info.plist */,
			);
			name = Resources;
			sourceTree = "<group>";
		};
		9AFE4C2697974EB2A7BDBB8E /* Resources */ = {
			isa = PBXGroup;
			children = (
				8E8A0AF245004F41A25BC6E9 /* Info.plist */,
			);
			name = Resources;
			sourceTree = "<group>";
		};
		9C61EC5B5B9A4C639F0D38A2 /* witnesscalc_credentialAtomicQuerySigV2 */ = {
			isa = PBXGroup;
			children = (
				B39E9FD38A9A48979CFA54E9 /* Source Files */,
				328C181FD5E2489A84CC4618 /* Header Files */,
				AAC9DFCFEC7C406DB6EAAA13 /* Resources */,
				7778A36BA8694A269753D384 /* CMakeLists.txt */,
			);
			name = witnesscalc_credentialAtomicQuerySigV2;
			sourceTree = "<group>";
		};
		9E92ABCFDEDC422590CA815A /* Header Files */ = {
			isa = PBXGroup;
			children = (
				CF913AAE0C4B45EEBDF4720C /* witnesscalc.h */,
				7807967C37C648E9A415640A /* witnesscalc_credentialAtomicQuerySigV2OnChain.h */,
			);
			name = "Header Files";
			sourceTree = "<group>";
		};
		A18B56EF6EFE4B41A1A5AE30 /* Resources */ = {
			isa = PBXGroup;
			children = (
				45F2CC05E9C541E8BC57A1C5 /* Info.plist */,
			);
			name = Resources;
			sourceTree = "<group>";
		};
		A43AAA84F74848AD8878078F /* Header Files */ = {
			isa = PBXGroup;
			children = (
				9FC207A304C348D08E666607 /* witnesscalc.h */,
				2C8E3211A1F94874BBFD703A /* witnesscalc_credentialAtomicQueryMTPV2.h */,
			);
			name = "Header Files";
			sourceTree = "<group>";
		};
		A4A1D8D993774B93AE9A35A6 /* test_platform */ = {
			isa = PBXGroup;
			children = (
				3294DDAAA490402492E34C66 /* Source Files */,
				96CB2CCFA3314418841EB1CD /* Resources */,
				DE3A67F94B7C459EB349031A /* CMakeLists.txt */,
			);
			name = test_platform;
			sourceTree = "<group>";
		};
		AAC9DFCFEC7C406DB6EAAA13 /* Resources */ = {
			isa = PBXGroup;
			children = (
				4F45D52B787A4BA9A4F7ECAB /* Info.plist */,
			);
			name = Resources;
			sourceTree = "<group>";
		};
		AB57D9518D8249529B3050E0 /* Source Files */ = {
			isa = PBXGroup;
			children = (
				C9FD78BAB4C043CEB46E95DA /* calcwit.cpp */,
				4DBD63DF01CB426CBEE04809 /* credentialAtomicQueryMTPV2OnChain.cpp */,
				CB24CF522A8A4132A3C369B1 /* witnesscalc.cpp */,
				640F29360E8C475B91921773 /* witnesscalc_credentialAtomicQueryMTPV2OnChain.cpp */,
			);
			name = "Source Files";
			sourceTree = "<group>";
		};
		B2BD5483825348B7BDDFC325 /* Source Files */ = {
			isa = PBXGroup;
			children = (
				DB9017CF6703496EACDCE788 /* calcwit.cpp */,
				07271F178B434A7EB0B6BE98 /* credentialAtomicQuerySigV2OnChain.cpp */,
				2DD25878004C4891890CD391 /* witnesscalc.cpp */,
				A84659BEC1904C21AAED3653 /* witnesscalc_credentialAtomicQuerySigV2OnChain.cpp */,
			);
			name = "Source Files";
			sourceTree = "<group>";
		};
		B39E9FD38A9A48979CFA54E9 /* Source Files */ = {
			isa = PBXGroup;
			children = (
				C3E46B9F62B6425087EA0BD0 /* calcwit.cpp */,
				8E8EA3B472BF40B2996F65EB /* credentialAtomicQuerySigV2.cpp */,
				C7BB1AAAE7D34D3582E57A30 /* witnesscalc.cpp */,
				F9F79AE347994EBC9CEA2FEB /* witnesscalc_credentialAtomicQuerySigV2.cpp */,
			);
			name = "Source Files";
			sourceTree = "<group>";
		};
		B4A7F86482074039899B3C52 /* Resources */ = {
			isa = PBXGroup;
			children = (
				6B14F2132C4A4090899E2C23 /* Info.plist */,
			);
			name = Resources;
			sourceTree = "<group>";
		};
		B664A827EF79426F995B75B6 /* Resources */ = {
			isa = PBXGroup;
			children = (
				171D39DEB96240708C0B03B6 /* Info.plist */,
			);
			name = Resources;
			sourceTree = "<group>";
		};
		BADA2FD0B93D4D93BB913CD6 /* Source Files */ = {
			isa = PBXGroup;
			children = (
				89A88C03A0414D0D8AAA98DF /* authV2.cpp */,
				AF7A5AEE5BBB425699D308EA /* calcwit.cpp */,
				FE949B54230241AC90457689 /* witnesscalc.cpp */,
				8535AA3FDC4B4A9C90C7C04E /* witnesscalc_authV2.cpp */,
			);
			name = "Source Files";
			sourceTree = "<group>";
		};
		C1FFF0D6BA0441CDBEF51B20 /* Source Files */ = {
			isa = PBXGroup;
			children = (
				E7D6FFFB1E5942A29A1CF18E /* authV2.cpp */,
				211CC83ECB7543B08C488F22 /* calcwit.cpp */,
				22E95C8664A944E7934E8225 /* witnesscalc.cpp */,
				2CF8BB56D809468DA72590FD /* witnesscalc_authV2.cpp */,
			);
			name = "Source Files";
			sourceTree = "<group>";
		};
		C8E7DED556914F65B2EBD21B /* Source Files */ = {
			isa = PBXGroup;
			children = (
				8E3E3A89DF224332B6D17AAB /* calcwit.cpp */,
				D7CEFE30128B4DA1953B075E /* credentialAtomicQueryMTPV2OnChain.cpp */,
				DF5E4F71C35E48AA8FCAE5EA /* witnesscalc.cpp */,
				663F9CE890BB429F9F5E643A /* witnesscalc_credentialAtomicQueryMTPV2OnChain.cpp */,
			);
			name = "Source Files";
			sourceTree = "<group>";
		};
		CD39E5E9743B479A9A850D1F /* Source Files */ = {
			isa = PBXGroup;
			children = (
				9A543B68B1B949C79E383923 /* main.cpp */,
			);
			name = "Source Files";
			sourceTree = "<group>";
		};
		CE4D3204F3364D66AA3EC88F /* Resources */ = {
			isa = PBXGroup;
			children = (
				E3EF0BC6CA5E42B5B95EF682 /* Info.plist */,
			);
			name = Resources;
			sourceTree = "<group>";
		};
		CF66531405774C1998101C19 /* Products */ = {
			isa = PBXGroup;
			children = (
				A62CE32B748546A1946277BB /* libwitnesscalc_authV2.a */,
				EA9B0FFEE5D5444F88577C9B /* libwitnesscalc_credentialAtomicQueryMTPV2OnChain.a */,
				60E484BD28444B61ACBFE7A3 /* libwitnesscalc_credentialAtomicQueryMTPV2.a */,
				E9F83C2CB5D24DDE907F8209 /* libwitnesscalc_credentialAtomicQuerySigV2OnChain.a */,
				DFA33A77DF8A49738C1570ED /* libwitnesscalc_credentialAtomicQuerySigV2.a */,
			);
			name = Products;
			sourceTree = "<group>";
		};
		D3308F9DF91F44E5A441E318 /* Resources */ = {
			isa = PBXGroup;
			children = (
				4E8A831D215B4111A9CDC324 /* Info.plist */,
			);
			name = Resources;
			sourceTree = "<group>";
		};
		DF8C5EBD617244808673081C /* Object Files */ = {
			isa = PBXGroup;
			children = (
				D0BC99B49C38450781CAD582 /* fr_asm.o */,
			);
			name = "Object Files";
			sourceTree = "<group>";
		};
		E0BBAC42287D4040BA735323 /* CMake Rules */ = {
			isa = PBXGroup;
			children = (
				9CCCFC90E1BD452D8A929011 /* fr_asm.o.rule */,
			);
			name = "CMake Rules";
			sourceTree = "<group>";
		};
		E231F8852C94466EA246DBEE /* Resources */ = {
			isa = PBXGroup;
			children = (
				44231BDA3CA0437EA4B17338 /* Info.plist */,
			);
			name = Resources;
			sourceTree = "<group>";
		};
		E34CB95661F24D4886C97C79 /* witnesscalc_credentialAtomicQueryMTPV2OnChainStatic */ = {
			isa = PBXGroup;
			children = (
				AB57D9518D8249529B3050E0 /* Source Files */,
				4A8E948300A84152B9766B8B /* Header Files */,
				7D4779387E0D4C04B2964B52 /* Resources */,
				2176427B3CD2458787EAB584 /* CMakeLists.txt */,
			);
			name = witnesscalc_credentialAtomicQueryMTPV2OnChainStatic;
			sourceTree = "<group>";
		};
		F097C0ECBECD4E1D8D03D3CB /* authV2 */ = {
			isa = PBXGroup;
			children = (
				5E4A4D1F39B04B9DA560A73B /* Source Files */,
				32FC74E31FBD4319A9B3AF29 /* Resources */,
				50A1E16FDB554CBB9D3B3185 /* CMakeLists.txt */,
			);
			name = authV2;
			sourceTree = "<group>";
		};
		F69C846C7C634A4DBE1F95DD /* Resources */ = {
			isa = PBXGroup;
			children = (
				7F81CC5C19FE4F9391138ED8 /* Info.plist */,
			);
			name = Resources;
			sourceTree = "<group>";
		};
		F8AC867D94C940E594CBC24C /* Header Files */ = {
			isa = PBXGroup;
			children = (
				8A546E0AD3844847936DFD25 /* witnesscalc.h */,
				23BF13249684408B8C127389 /* witnesscalc_credentialAtomicQueryMTPV2.h */,
			);
			name = "Header Files";
			sourceTree = "<group>";
		};
		FB37BF050DC449C884D7320E /* Source Files */ = {
			isa = PBXGroup;
			children = (
				FF9B1595798D43C480ECB358 /* tests.cpp */,
			);
			name = "Source Files";
			sourceTree = "<group>";
		};
		FE7C94A59DDD4A73BA267C6A /* Source Files */ = {
			isa = PBXGroup;
			children = (
				1AD3A82934474F80A5556F01 /* calcwit.cpp */,
				B42496D7583E45B2BA025B81 /* credentialAtomicQuerySigV2.cpp */,
				9B34694DBBBA45CAA04E455A /* witnesscalc.cpp */,
				E4F5D653679F4E5FA4A1E4F9 /* witnesscalc_credentialAtomicQuerySigV2.cpp */,
			);
			name = "Source Files";
			sourceTree = "<group>";
		};
		FFAB9FF2784F41148ACF6566 /* Header Files */ = {
			isa = PBXGroup;
			children = (
				41015209F81B4BEEA33A2CB7 /* witnesscalc.h */,
				A61E45A7EDA740AF9EC2733B /* witnesscalc_credentialAtomicQuerySigV2OnChain.h */,
			);
			name = "Header Files";
			sourceTree = "<group>";
		};
		FFD9E347100A4D3CAFFE0A51 /* credentialAtomicQueryMTPV2OnChain */ = {
			isa = PBXGroup;
			children = (
				7246322BD22C40B7896BC279 /* Source Files */,
				F69C846C7C634A4DBE1F95DD /* Resources */,
				971291E316DC45EDA7AA798F /* CMakeLists.txt */,
			);
			name = credentialAtomicQueryMTPV2OnChain;
			sourceTree = "<group>";
		};
/* End PBXGroup section */

/* Begin PBXNativeTarget section */
		26D92295AFCA4883A6545F65 /* witnesscalc_credentialAtomicQuerySigV2Static */ = {
			isa = PBXNativeTarget;
			buildConfigurationList = 7AD0E9ED138E4011AF05DE9B /* Build configuration list for PBXNativeTarget "witnesscalc_credentialAtomicQuerySigV2Static" */;
			buildPhases = (
				CC8D1C2F183C4250B5D2CB96 /* Sources */,
				61D507270AD447F4A1D77EF1 /* Frameworks */,
			);
			buildRules = (
			);
			dependencies = (
			);
			name = witnesscalc_credentialAtomicQuerySigV2Static;
			productName = witnesscalc_credentialAtomicQuerySigV2Static;
			productReference = DFA33A77DF8A49738C1570ED /* libwitnesscalc_credentialAtomicQuerySigV2.a */;
			productType = "com.apple.product-type.library.static";
		};
		4D7B4C19E4B7486B8D4B7EE9 /* witnesscalc_credentialAtomicQuerySigV2OnChainStatic */ = {
			isa = PBXNativeTarget;
			buildConfigurationList = 6845A8C83E9143B484F572EC /* Build configuration list for PBXNativeTarget "witnesscalc_credentialAtomicQuerySigV2OnChainStatic" */;
			buildPhases = (
				892376F05F224D12960C5B19 /* Sources */,
				C68B8B3CF753425F91D571FD /* Frameworks */,
			);
			buildRules = (
			);
			dependencies = (
			);
			name = witnesscalc_credentialAtomicQuerySigV2OnChainStatic;
			productName = witnesscalc_credentialAtomicQuerySigV2OnChainStatic;
			productReference = E9F83C2CB5D24DDE907F8209 /* libwitnesscalc_credentialAtomicQuerySigV2OnChain.a */;
			productType = "com.apple.product-type.library.static";
		};
		6B73D0064B57458086D82FA4 /* witnesscalc_credentialAtomicQueryMTPV2Static */ = {
			isa = PBXNativeTarget;
			buildConfigurationList = CEDE4C263121422BB08C4B5B /* Build configuration list for PBXNativeTarget "witnesscalc_credentialAtomicQueryMTPV2Static" */;
			buildPhases = (
				0486C42CC2994DC091F83096 /* Sources */,
				FA2E18D540834F828634B510 /* Frameworks */,
			);
			buildRules = (
			);
			dependencies = (
			);
			name = witnesscalc_credentialAtomicQueryMTPV2Static;
			productName = witnesscalc_credentialAtomicQueryMTPV2Static;
			productReference = 60E484BD28444B61ACBFE7A3 /* libwitnesscalc_credentialAtomicQueryMTPV2.a */;
			productType = "com.apple.product-type.library.static";
		};
		92DFFF7D96044B24A70B560C /* witnesscalc_authV2Static */ = {
			isa = PBXNativeTarget;
			buildConfigurationList = A353613DCFA343658A9A35B4 /* Build configuration list for PBXNativeTarget "witnesscalc_authV2Static" */;
			buildPhases = (
				AB00602083AA44C79652B6FF /* Sources */,
				9B1A01FBE8144E76AA38D033 /* Frameworks */,
			);
			buildRules = (
			);
			dependencies = (
			);
			name = witnesscalc_authV2Static;
			productName = witnesscalc_authV2Static;
			productReference = A62CE32B748546A1946277BB /* libwitnesscalc_authV2.a */;
			productType = "com.apple.product-type.library.static";
		};
		B1FEF94F46414C5588087ACC /* witnesscalc_credentialAtomicQueryMTPV2OnChainStatic */ = {
			isa = PBXNativeTarget;
			buildConfigurationList = D4EF0805A3F143EE906C24D1 /* Build configuration list for PBXNativeTarget "witnesscalc_credentialAtomicQueryMTPV2OnChainStatic" */;
			buildPhases = (
				5B7D6295E5A543CF91097D02 /* Sources */,
				E068A21EFA034A4092BDDA66 /* Frameworks */,
			);
			buildRules = (
			);
			dependencies = (
			);
			name = witnesscalc_credentialAtomicQueryMTPV2OnChainStatic;
			productName = witnesscalc_credentialAtomicQueryMTPV2OnChainStatic;
			productReference = EA9B0FFEE5D5444F88577C9B /* libwitnesscalc_credentialAtomicQueryMTPV2OnChain.a */;
			productType = "com.apple.product-type.library.static";
		};
/* End PBXNativeTarget section */

/* Begin PBXProject section */
		C42F9AF0A602434D8E334329 /* Project object */ = {
			isa = PBXProject;
			attributes = {
				LastUpgradeCheck = 1500;
			};
			buildConfigurationList = E8F161552D5840C7BBE22BBC /* Build configuration list for PBXProject "witnesscalc" */;
			compatibilityVersion = "Xcode 3.2";
			developmentRegion = en;
			hasScannedForEncodings = 0;
			knownRegions = (
				en,
				Base,
			);
			mainGroup = 0F4E10BC7B924CB7A715B18D;
			projectDirPath = ..;
			projectRoot = "";
			targets = (
				92DFFF7D96044B24A70B560C /* witnesscalc_authV2Static */,
				B1FEF94F46414C5588087ACC /* witnesscalc_credentialAtomicQueryMTPV2OnChainStatic */,
				6B73D0064B57458086D82FA4 /* witnesscalc_credentialAtomicQueryMTPV2Static */,
				4D7B4C19E4B7486B8D4B7EE9 /* witnesscalc_credentialAtomicQuerySigV2OnChainStatic */,
				26D92295AFCA4883A6545F65 /* witnesscalc_credentialAtomicQuerySigV2Static */,
			);
		};
/* End PBXProject section */

/* Begin PBXSourcesBuildPhase section */
		0486C42CC2994DC091F83096 /* Sources */ = {
			isa = PBXSourcesBuildPhase;
			buildActionMask = 2147483647;
			files = (
				31AFF33BB15746C08AEBE6F9 /* calcwit.cpp in Sources */,
				2780438EB0E843D6AC0AC933 /* credentialAtomicQueryMTPV2.cpp in Sources */,
				F761BE92E2E742A888B5FA9F /* witnesscalc.cpp in Sources */,
				931E7FD252A6486EA8DE71A7 /* witnesscalc_credentialAtomicQueryMTPV2.cpp in Sources */,
			);
			runOnlyForDeploymentPostprocessing = 0;
		};
		5B7D6295E5A543CF91097D02 /* Sources */ = {
			isa = PBXSourcesBuildPhase;
			buildActionMask = 2147483647;
			files = (
				1E5445E7C5274F0C817B737B /* calcwit.cpp in Sources */,
				CC2BDE98C289432982CB4921 /* credentialAtomicQueryMTPV2OnChain.cpp in Sources */,
				EB5F5AA436F54EE2AEBE6313 /* witnesscalc.cpp in Sources */,
				4DA9A4168C604A6CA2E1EC43 /* witnesscalc_credentialAtomicQueryMTPV2OnChain.cpp in Sources */,
			);
			runOnlyForDeploymentPostprocessing = 0;
		};
		892376F05F224D12960C5B19 /* Sources */ = {
			isa = PBXSourcesBuildPhase;
			buildActionMask = 2147483647;
			files = (
				6F83F0997A7748B6BA1691BE /* calcwit.cpp in Sources */,
				29C19DCE9F6747D381F955AC /* credentialAtomicQuerySigV2OnChain.cpp in Sources */,
				C1964089502E45F7948C526D /* witnesscalc.cpp in Sources */,
				BA1F2B7B8B5E461DA666C9AA /* witnesscalc_credentialAtomicQuerySigV2OnChain.cpp in Sources */,
			);
			runOnlyForDeploymentPostprocessing = 0;
		};
		AB00602083AA44C79652B6FF /* Sources */ = {
			isa = PBXSourcesBuildPhase;
			buildActionMask = 2147483647;
			files = (
				9A6722CE68F243FBACFF4052 /* authV2.cpp in Sources */,
				1B584A43173C4491A8594793 /* calcwit.cpp in Sources */,
				BCF5FBDDC6CA4D6EB99A991C /* witnesscalc.cpp in Sources */,
				C27CF787531D41569010EEF3 /* witnesscalc_authV2.cpp in Sources */,
			);
			runOnlyForDeploymentPostprocessing = 0;
		};
		CC8D1C2F183C4250B5D2CB96 /* Sources */ = {
			isa = PBXSourcesBuildPhase;
			buildActionMask = 2147483647;
			files = (
				1D96218D283C48B58243D0CF /* calcwit.cpp in Sources */,
				AB9B55A415DA440CAB8D8DE2 /* credentialAtomicQuerySigV2.cpp in Sources */,
				E286F0FFAE164E828B4F5398 /* witnesscalc.cpp in Sources */,
				793E0C9E70004694BE378D69 /* witnesscalc_credentialAtomicQuerySigV2.cpp in Sources */,
			);
			runOnlyForDeploymentPostprocessing = 0;
		};
/* End PBXSourcesBuildPhase section */

/* Begin XCBuildConfiguration section */
		0873B1FD1C7348238D29A3BB /* RelWithDebInfo */ = {
			isa = XCBuildConfiguration;
			buildSettings = {
				ALWAYS_SEARCH_USER_PATHS = NO;
				ARCHS = "$(ARCHS_STANDARD)";
				COMBINE_HIDPI_IMAGES = YES;
				CONFIGURATION_BUILD_DIR = "$(SRCROOT)/build_witnesscalc_ios_simulator_x86_64/src/RelWithDebInfo${EFFECTIVE_PLATFORM_NAME}";
				EXECUTABLE_PREFIX = lib;
				EXECUTABLE_SUFFIX = .a;
				GCC_GENERATE_DEBUGGING_SYMBOLS = YES;
				GCC_INLINES_ARE_PRIVATE_EXTERN = NO;
				GCC_OPTIMIZATION_LEVEL = 2;
				GCC_PREPROCESSOR_DEFINITIONS = (
					"'CMAKE_INTDIR=\"$(CONFIGURATION)$(EFFECTIVE_PLATFORM_NAME)\"'",
					"'CIRCUIT_NAME=authV2'",
					_LONG_LONG_LIMB,
					USE_ASM,
					ARCH_X86_64,
					"$(inherited)",
				);
				GCC_SYMBOLS_PRIVATE_EXTERN = NO;
				HEADER_SEARCH_PATHS = (
					"$(SRCROOT)/depends/gmp/package_ios_simulator_x86_64/include",
					"$(SRCROOT)/src/../src",
					"$(SRCROOT)/src/../build",
					"$(SRCROOT)/src/../depends/json/single_include",
					"$(inherited)",
				);
				INSTALL_PATH = "";
				LIBRARY_STYLE = STATIC;
				ONLY_ACTIVE_ARCH = NO;
				OTHER_CPLUSPLUSFLAGS = (
					"-DNDEBUG",
					"'-std=gnu++11'",
				);
				OTHER_LIBTOOLFLAGS = "";
				OTHER_REZFLAGS = "";
				PRODUCT_NAME = witnesscalc_authV2;
				SECTORDER_FLAGS = "";
				TARGET_TEMP_DIR = "$(SRCROOT)/build_witnesscalc_ios_simulator_x86_64/build/witnesscalc_authV2Static.build/$(CONFIGURATION)$(EFFECTIVE_PLATFORM_NAME)";
				USE_HEADERMAP = NO;
				WARNING_CFLAGS = "$(inherited)";
			};
			name = RelWithDebInfo;
		};
		0C6F60791B844D87A08E182A /* RelWithDebInfo */ = {
			isa = XCBuildConfiguration;
			buildSettings = {
				ALWAYS_SEARCH_USER_PATHS = NO;
				ARCHS = "$(ARCHS_STANDARD)";
				COMBINE_HIDPI_IMAGES = YES;
				CONFIGURATION_BUILD_DIR = "$(SRCROOT)/build_witnesscalc_ios_simulator_x86_64/src/RelWithDebInfo${EFFECTIVE_PLATFORM_NAME}";
				EXECUTABLE_PREFIX = lib;
				EXECUTABLE_SUFFIX = .a;
				GCC_GENERATE_DEBUGGING_SYMBOLS = YES;
				GCC_INLINES_ARE_PRIVATE_EXTERN = NO;
				GCC_OPTIMIZATION_LEVEL = 2;
				GCC_PREPROCESSOR_DEFINITIONS = (
					"'CMAKE_INTDIR=\"$(CONFIGURATION)$(EFFECTIVE_PLATFORM_NAME)\"'",
					"'CIRCUIT_NAME=credentialAtomicQueryMTPV2'",
					_LONG_LONG_LIMB,
					USE_ASM,
					ARCH_X86_64,
					"$(inherited)",
				);
				GCC_SYMBOLS_PRIVATE_EXTERN = NO;
				HEADER_SEARCH_PATHS = (
					"$(SRCROOT)/depends/gmp/package_ios_simulator_x86_64/include",
					"$(SRCROOT)/src/../src",
					"$(SRCROOT)/src/../build",
					"$(SRCROOT)/src/../depends/json/single_include",
					"$(inherited)",
				);
				INSTALL_PATH = "";
				LIBRARY_STYLE = STATIC;
				ONLY_ACTIVE_ARCH = NO;
				OTHER_CPLUSPLUSFLAGS = (
					"-DNDEBUG",
					"'-std=gnu++11'",
				);
				OTHER_LIBTOOLFLAGS = "";
				OTHER_REZFLAGS = "";
				PRODUCT_NAME = witnesscalc_credentialAtomicQueryMTPV2;
				SECTORDER_FLAGS = "";
				TARGET_TEMP_DIR = "$(SRCROOT)/build_witnesscalc_ios_simulator_x86_64/build/witnesscalc_credentialAtomicQueryMTPV2Static.build/$(CONFIGURATION)$(EFFECTIVE_PLATFORM_NAME)";
				USE_HEADERMAP = NO;
				WARNING_CFLAGS = "$(inherited)";
			};
			name = RelWithDebInfo;
		};
		14D4DB43584046A6981FCF63 /* Debug */ = {
			isa = XCBuildConfiguration;
			buildSettings = {
				ALWAYS_SEARCH_USER_PATHS = NO;
				ARCHS = "$(ARCHS_STANDARD)";
				COMBINE_HIDPI_IMAGES = YES;
				CONFIGURATION_BUILD_DIR = "$(SRCROOT)/build_witnesscalc_ios_simulator_x86_64/src/Debug${EFFECTIVE_PLATFORM_NAME}";
				EXECUTABLE_PREFIX = lib;
				EXECUTABLE_SUFFIX = .a;
				GCC_GENERATE_DEBUGGING_SYMBOLS = YES;
				GCC_INLINES_ARE_PRIVATE_EXTERN = NO;
				GCC_OPTIMIZATION_LEVEL = 0;
				GCC_PREPROCESSOR_DEFINITIONS = (
					"'CMAKE_INTDIR=\"$(CONFIGURATION)$(EFFECTIVE_PLATFORM_NAME)\"'",
					"'CIRCUIT_NAME=authV2'",
					_LONG_LONG_LIMB,
					USE_ASM,
					ARCH_X86_64,
					"$(inherited)",
				);
				GCC_SYMBOLS_PRIVATE_EXTERN = NO;
				HEADER_SEARCH_PATHS = (
					"$(SRCROOT)/depends/gmp/package_ios_simulator_x86_64/include",
					"$(SRCROOT)/src/../src",
					"$(SRCROOT)/src/../build",
					"$(SRCROOT)/src/../depends/json/single_include",
					"$(inherited)",
				);
				INSTALL_PATH = "";
				LIBRARY_STYLE = STATIC;
				ONLY_ACTIVE_ARCH = NO;
				OTHER_CPLUSPLUSFLAGS = "   '-std=gnu++11' ";
				OTHER_LIBTOOLFLAGS = "";
				OTHER_REZFLAGS = "";
				PRODUCT_NAME = witnesscalc_authV2;
				SECTORDER_FLAGS = "";
				TARGET_TEMP_DIR = "$(SRCROOT)/build_witnesscalc_ios_simulator_x86_64/build/witnesscalc_authV2Static.build/$(CONFIGURATION)$(EFFECTIVE_PLATFORM_NAME)";
				USE_HEADERMAP = NO;
				WARNING_CFLAGS = "$(inherited)";
			};
			name = Debug;
		};
		1DDBA1EE9145469F92F58F2D /* MinSizeRel */ = {
			isa = XCBuildConfiguration;
			buildSettings = {
				ALWAYS_SEARCH_USER_PATHS = NO;
				ARCHS = "$(ARCHS_STANDARD)";
				COMBINE_HIDPI_IMAGES = YES;
				CONFIGURATION_BUILD_DIR = "$(SRCROOT)/build_witnesscalc_ios_simulator_x86_64/src/MinSizeRel${EFFECTIVE_PLATFORM_NAME}";
				EXECUTABLE_PREFIX = lib;
				EXECUTABLE_SUFFIX = .a;
				GCC_GENERATE_DEBUGGING_SYMBOLS = NO;
				GCC_INLINES_ARE_PRIVATE_EXTERN = NO;
				GCC_OPTIMIZATION_LEVEL = s;
				GCC_PREPROCESSOR_DEFINITIONS = (
					"'CMAKE_INTDIR=\"$(CONFIGURATION)$(EFFECTIVE_PLATFORM_NAME)\"'",
					"'CIRCUIT_NAME=authV2'",
					_LONG_LONG_LIMB,
					USE_ASM,
					ARCH_X86_64,
					"$(inherited)",
				);
				GCC_SYMBOLS_PRIVATE_EXTERN = NO;
				HEADER_SEARCH_PATHS = (
					"$(SRCROOT)/depends/gmp/package_ios_simulator_x86_64/include",
					"$(SRCROOT)/src/../src",
					"$(SRCROOT)/src/../build",
					"$(SRCROOT)/src/../depends/json/single_include",
					"$(inherited)",
				);
				INSTALL_PATH = "";
				LIBRARY_STYLE = STATIC;
				ONLY_ACTIVE_ARCH = NO;
				OTHER_CPLUSPLUSFLAGS = (
					"-DNDEBUG",
					"'-std=gnu++11'",
				);
				OTHER_LIBTOOLFLAGS = "";
				OTHER_REZFLAGS = "";
				PRODUCT_NAME = witnesscalc_authV2;
				SECTORDER_FLAGS = "";
				TARGET_TEMP_DIR = "$(SRCROOT)/build_witnesscalc_ios_simulator_x86_64/build/witnesscalc_authV2Static.build/$(CONFIGURATION)$(EFFECTIVE_PLATFORM_NAME)";
				USE_HEADERMAP = NO;
				WARNING_CFLAGS = "$(inherited)";
			};
			name = MinSizeRel;
		};
		1DFC9E1FABC443729973D532 /* RelWithDebInfo */ = {
			isa = XCBuildConfiguration;
			buildSettings = {
				ALWAYS_SEARCH_USER_PATHS = NO;
				ARCHS = "$(ARCHS_STANDARD)";
				COMBINE_HIDPI_IMAGES = YES;
				CONFIGURATION_BUILD_DIR = "$(SRCROOT)/build_witnesscalc_ios_simulator_x86_64/src/RelWithDebInfo${EFFECTIVE_PLATFORM_NAME}";
				EXECUTABLE_PREFIX = lib;
				EXECUTABLE_SUFFIX = .a;
				GCC_GENERATE_DEBUGGING_SYMBOLS = YES;
				GCC_INLINES_ARE_PRIVATE_EXTERN = NO;
				GCC_OPTIMIZATION_LEVEL = 2;
				GCC_PREPROCESSOR_DEFINITIONS = (
					"'CMAKE_INTDIR=\"$(CONFIGURATION)$(EFFECTIVE_PLATFORM_NAME)\"'",
					"'CIRCUIT_NAME=credentialAtomicQuerySigV2'",
					_LONG_LONG_LIMB,
					USE_ASM,
					ARCH_X86_64,
					"$(inherited)",
				);
				GCC_SYMBOLS_PRIVATE_EXTERN = NO;
				HEADER_SEARCH_PATHS = (
					"$(SRCROOT)/depends/gmp/package_ios_simulator_x86_64/include",
					"$(SRCROOT)/src/../src",
					"$(SRCROOT)/src/../build",
					"$(SRCROOT)/src/../depends/json/single_include",
					"$(inherited)",
				);
				INSTALL_PATH = "";
				LIBRARY_STYLE = STATIC;
				ONLY_ACTIVE_ARCH = NO;
				OTHER_CPLUSPLUSFLAGS = (
					"-DNDEBUG",
					"'-std=gnu++11'",
				);
				OTHER_LIBTOOLFLAGS = "";
				OTHER_REZFLAGS = "";
				PRODUCT_NAME = witnesscalc_credentialAtomicQuerySigV2;
				SECTORDER_FLAGS = "";
				TARGET_TEMP_DIR = "$(SRCROOT)/build_witnesscalc_ios_simulator_x86_64/build/witnesscalc_credentialAtomicQuerySigV2Static.build/$(CONFIGURATION)$(EFFECTIVE_PLATFORM_NAME)";
				USE_HEADERMAP = NO;
				WARNING_CFLAGS = "$(inherited)";
			};
			name = RelWithDebInfo;
		};
		282A3D594DA840D5BFCEADBE /* MinSizeRel */ = {
			isa = XCBuildConfiguration;
			buildSettings = {
				ALWAYS_SEARCH_USER_PATHS = NO;
				ARCHS = "$(ARCHS_STANDARD)";
				COMBINE_HIDPI_IMAGES = YES;
				CONFIGURATION_BUILD_DIR = "$(SRCROOT)/build_witnesscalc_ios_simulator_x86_64/src/MinSizeRel${EFFECTIVE_PLATFORM_NAME}";
				EXECUTABLE_PREFIX = lib;
				EXECUTABLE_SUFFIX = .a;
				GCC_GENERATE_DEBUGGING_SYMBOLS = NO;
				GCC_INLINES_ARE_PRIVATE_EXTERN = NO;
				GCC_OPTIMIZATION_LEVEL = s;
				GCC_PREPROCESSOR_DEFINITIONS = (
					"'CMAKE_INTDIR=\"$(CONFIGURATION)$(EFFECTIVE_PLATFORM_NAME)\"'",
					"'CIRCUIT_NAME=credentialAtomicQueryMTPV2'",
					_LONG_LONG_LIMB,
					USE_ASM,
					ARCH_X86_64,
					"$(inherited)",
				);
				GCC_SYMBOLS_PRIVATE_EXTERN = NO;
				HEADER_SEARCH_PATHS = (
					"$(SRCROOT)/depends/gmp/package_ios_simulator_x86_64/include",
					"$(SRCROOT)/src/../src",
					"$(SRCROOT)/src/../build",
					"$(SRCROOT)/src/../depends/json/single_include",
					"$(inherited)",
				);
				INSTALL_PATH = "";
				LIBRARY_STYLE = STATIC;
				ONLY_ACTIVE_ARCH = NO;
				OTHER_CPLUSPLUSFLAGS = (
					"-DNDEBUG",
					"'-std=gnu++11'",
				);
				OTHER_LIBTOOLFLAGS = "";
				OTHER_REZFLAGS = "";
				PRODUCT_NAME = witnesscalc_credentialAtomicQueryMTPV2;
				SECTORDER_FLAGS = "";
				TARGET_TEMP_DIR = "$(SRCROOT)/build_witnesscalc_ios_simulator_x86_64/build/witnesscalc_credentialAtomicQueryMTPV2Static.build/$(CONFIGURATION)$(EFFECTIVE_PLATFORM_NAME)";
				USE_HEADERMAP = NO;
				WARNING_CFLAGS = "$(inherited)";
			};
			name = MinSizeRel;
		};
		350D535C9B384CE89797A897 /* MinSizeRel */ = {
			isa = XCBuildConfiguration;
			buildSettings = {
				ALWAYS_SEARCH_USER_PATHS = NO;
				ARCHS = "$(ARCHS_STANDARD)";
				COMBINE_HIDPI_IMAGES = YES;
				CONFIGURATION_BUILD_DIR = "$(SRCROOT)/build_witnesscalc_ios_simulator_x86_64/src/MinSizeRel${EFFECTIVE_PLATFORM_NAME}";
				EXECUTABLE_PREFIX = lib;
				EXECUTABLE_SUFFIX = .a;
				GCC_GENERATE_DEBUGGING_SYMBOLS = NO;
				GCC_INLINES_ARE_PRIVATE_EXTERN = NO;
				GCC_OPTIMIZATION_LEVEL = s;
				GCC_PREPROCESSOR_DEFINITIONS = (
					"'CMAKE_INTDIR=\"$(CONFIGURATION)$(EFFECTIVE_PLATFORM_NAME)\"'",
					"'CIRCUIT_NAME=credentialAtomicQuerySigV2OnChain'",
					_LONG_LONG_LIMB,
					USE_ASM,
					ARCH_X86_64,
					"$(inherited)",
				);
				GCC_SYMBOLS_PRIVATE_EXTERN = NO;
				HEADER_SEARCH_PATHS = (
					"$(SRCROOT)/depends/gmp/package_ios_simulator_x86_64/include",
					"$(SRCROOT)/src/../src",
					"$(SRCROOT)/src/../build",
					"$(SRCROOT)/src/../depends/json/single_include",
					"$(inherited)",
				);
				INSTALL_PATH = "";
				LIBRARY_STYLE = STATIC;
				ONLY_ACTIVE_ARCH = NO;
				OTHER_CPLUSPLUSFLAGS = (
					"-DNDEBUG",
					"'-std=gnu++11'",
				);
				OTHER_LIBTOOLFLAGS = "";
				OTHER_REZFLAGS = "";
				PRODUCT_NAME = witnesscalc_credentialAtomicQuerySigV2OnChain;
				SECTORDER_FLAGS = "";
				TARGET_TEMP_DIR = "$(SRCROOT)/build_witnesscalc_ios_simulator_x86_64/build/witnesscalc_credentialAtomicQuerySigV2OnChainStatic.build/$(CONFIGURATION)$(EFFECTIVE_PLATFORM_NAME)";
				USE_HEADERMAP = NO;
				WARNING_CFLAGS = "$(inherited)";
			};
			name = MinSizeRel;
		};
		3671EDFF7EF840F683930FA1 /* MinSizeRel */ = {
			isa = XCBuildConfiguration;
			buildSettings = {
				ARCHS = x86_64;
				SDKROOT = iphoneos;
				SWIFT_COMPILATION_MODE = wholemodule;
				SYMROOT = "${SRCROOT}/build_witnesscalc_ios_simulator_x86_64/build";
			};
			name = MinSizeRel;
		};
		4EE414DA3EC5460786F0047B /* RelWithDebInfo */ = {
			isa = XCBuildConfiguration;
			buildSettings = {
				ALWAYS_SEARCH_USER_PATHS = NO;
				ARCHS = "$(ARCHS_STANDARD)";
				COMBINE_HIDPI_IMAGES = YES;
				CONFIGURATION_BUILD_DIR = "${SRCROOT}/build_witnesscalc_ios_simulator_x86_64/src/RelWithDebInfo${EFFECTIVE_PLATFORM_NAME}";
				EXECUTABLE_PREFIX = lib;
				EXECUTABLE_SUFFIX = .a;
				GCC_GENERATE_DEBUGGING_SYMBOLS = YES;
				GCC_INLINES_ARE_PRIVATE_EXTERN = NO;
				GCC_OPTIMIZATION_LEVEL = 2;
				GCC_PREPROCESSOR_DEFINITIONS = (
					"'CMAKE_INTDIR=\"$(CONFIGURATION)$(EFFECTIVE_PLATFORM_NAME)\"'",
					"'CIRCUIT_NAME=credentialAtomicQueryMTPV2OnChain'",
					_LONG_LONG_LIMB,
					USE_ASM,
					ARCH_X86_64,
					"$(inherited)",
				);
				GCC_SYMBOLS_PRIVATE_EXTERN = NO;
				HEADER_SEARCH_PATHS = (
					"${SRCROOT}/depends/gmp/package_ios_simulator_x86_64/include",
					"${SRCROOT}/src/../src",
					"${SRCROOT}/src/../build",
					"${SRCROOT}/src/../depends/json/single_include",
					"$(inherited)",
				);
				INSTALL_PATH = "";
				LIBRARY_STYLE = STATIC;
				ONLY_ACTIVE_ARCH = NO;
				OTHER_CPLUSPLUSFLAGS = (
					"-DNDEBUG",
					"'-std=gnu++11'",
				);
				OTHER_LIBTOOLFLAGS = "";
				OTHER_REZFLAGS = "";
				PRODUCT_NAME = witnesscalc_credentialAtomicQueryMTPV2OnChain;
				SECTORDER_FLAGS = "";
				SYMROOT = "${SRCROOT}/build_witnesscalc_ios_simulator_x86_64/build";
				TARGET_TEMP_DIR = "${SRCROOT}/build_witnesscalc_ios_simulator_x86_64/build/witnesscalc_credentialAtomicQueryMTPV2OnChainStatic.build/$(CONFIGURATION)$(EFFECTIVE_PLATFORM_NAME)";
				USE_HEADERMAP = NO;
				WARNING_CFLAGS = "$(inherited)";
			};
			name = RelWithDebInfo;
		};
		634EEAF609DA478A9675B8FA /* Release */ = {
			isa = XCBuildConfiguration;
			buildSettings = {
				ALWAYS_SEARCH_USER_PATHS = NO;
				ARCHS = "$(ARCHS_STANDARD)";
				COMBINE_HIDPI_IMAGES = YES;
				CONFIGURATION_BUILD_DIR = "${SRCROOT}/build_witnesscalc_ios_simulator_x86_64/src/Release${EFFECTIVE_PLATFORM_NAME}";
				EXECUTABLE_PREFIX = lib;
				EXECUTABLE_SUFFIX = .a;
				GCC_GENERATE_DEBUGGING_SYMBOLS = NO;
				GCC_INLINES_ARE_PRIVATE_EXTERN = NO;
				GCC_OPTIMIZATION_LEVEL = 3;
				GCC_PREPROCESSOR_DEFINITIONS = (
					"'CMAKE_INTDIR=\"$(CONFIGURATION)$(EFFECTIVE_PLATFORM_NAME)\"'",
					"'CIRCUIT_NAME=credentialAtomicQueryMTPV2OnChain'",
					_LONG_LONG_LIMB,
					USE_ASM,
					ARCH_X86_64,
					"$(inherited)",
				);
				GCC_SYMBOLS_PRIVATE_EXTERN = NO;
				HEADER_SEARCH_PATHS = (
					"${SRCROOT}/depends/gmp/package_ios_simulator_x86_64/include",
					"${SRCROOT}/src/../src",
					"${SRCROOT}/src/../build",
					"${SRCROOT}/src/../depends/json/single_include",
					"$(inherited)",
				);
				INSTALL_PATH = "";
				LIBRARY_STYLE = STATIC;
				ONLY_ACTIVE_ARCH = NO;
				OTHER_CPLUSPLUSFLAGS = (
					"-DNDEBUG",
					"'-std=gnu++11'",
				);
				OTHER_LIBTOOLFLAGS = "";
				OTHER_REZFLAGS = "";
				PRODUCT_NAME = witnesscalc_credentialAtomicQueryMTPV2OnChain;
				SECTORDER_FLAGS = "";
				SYMROOT = "${SRCROOT}/build_witnesscalc_ios_simulator_x86_64/build";
				TARGET_TEMP_DIR = "${SRCROOT}/build_witnesscalc_ios_simulator_x86_64/build/witnesscalc_credentialAtomicQueryMTPV2OnChainStatic.build/$(CONFIGURATION)$(EFFECTIVE_PLATFORM_NAME)";
				USE_HEADERMAP = NO;
				WARNING_CFLAGS = "$(inherited)";
			};
			name = Release;
		};
		6CD878B7153446A198ECB657 /* RelWithDebInfo */ = {
			isa = XCBuildConfiguration;
			buildSettings = {
				ALWAYS_SEARCH_USER_PATHS = NO;
				ARCHS = "$(ARCHS_STANDARD)";
				COMBINE_HIDPI_IMAGES = YES;
				CONFIGURATION_BUILD_DIR = "$(SRCROOT)/build_witnesscalc_ios_simulator_x86_64/src/RelWithDebInfo${EFFECTIVE_PLATFORM_NAME}";
				EXECUTABLE_PREFIX = lib;
				EXECUTABLE_SUFFIX = .a;
				GCC_GENERATE_DEBUGGING_SYMBOLS = YES;
				GCC_INLINES_ARE_PRIVATE_EXTERN = NO;
				GCC_OPTIMIZATION_LEVEL = 2;
				GCC_PREPROCESSOR_DEFINITIONS = (
					"'CMAKE_INTDIR=\"$(CONFIGURATION)$(EFFECTIVE_PLATFORM_NAME)\"'",
					"'CIRCUIT_NAME=credentialAtomicQuerySigV2OnChain'",
					_LONG_LONG_LIMB,
					USE_ASM,
					ARCH_X86_64,
					"$(inherited)",
				);
				GCC_SYMBOLS_PRIVATE_EXTERN = NO;
				HEADER_SEARCH_PATHS = (
					"$(SRCROOT)/depends/gmp/package_ios_simulator_x86_64/include",
					"$(SRCROOT)/src/../src",
					"$(SRCROOT)/src/../build",
					"$(SRCROOT)/src/../depends/json/single_include",
					"$(inherited)",
				);
				INSTALL_PATH = "";
				LIBRARY_STYLE = STATIC;
				ONLY_ACTIVE_ARCH = NO;
				OTHER_CPLUSPLUSFLAGS = (
					"-DNDEBUG",
					"'-std=gnu++11'",
				);
				OTHER_LIBTOOLFLAGS = "";
				OTHER_REZFLAGS = "";
				PRODUCT_NAME = witnesscalc_credentialAtomicQuerySigV2OnChain;
				SECTORDER_FLAGS = "";
				TARGET_TEMP_DIR = "$(SRCROOT)/build_witnesscalc_ios_simulator_x86_64/build/witnesscalc_credentialAtomicQuerySigV2OnChainStatic.build/$(CONFIGURATION)$(EFFECTIVE_PLATFORM_NAME)";
				USE_HEADERMAP = NO;
				WARNING_CFLAGS = "$(inherited)";
			};
			name = RelWithDebInfo;
		};
		6E3789EA481F4AF4AC01875E /* Release */ = {
			isa = XCBuildConfiguration;
			buildSettings = {
				ALWAYS_SEARCH_USER_PATHS = NO;
				ARCHS = "$(ARCHS_STANDARD)";
				COMBINE_HIDPI_IMAGES = YES;
				CONFIGURATION_BUILD_DIR = "$(SRCROOT)/build_witnesscalc_ios_simulator_x86_64/src/Release${EFFECTIVE_PLATFORM_NAME}";
				EXECUTABLE_PREFIX = lib;
				EXECUTABLE_SUFFIX = .a;
				GCC_GENERATE_DEBUGGING_SYMBOLS = NO;
				GCC_INLINES_ARE_PRIVATE_EXTERN = NO;
				GCC_OPTIMIZATION_LEVEL = 3;
				GCC_PREPROCESSOR_DEFINITIONS = (
					"'CMAKE_INTDIR=\"$(CONFIGURATION)$(EFFECTIVE_PLATFORM_NAME)\"'",
					"'CIRCUIT_NAME=credentialAtomicQuerySigV2'",
					_LONG_LONG_LIMB,
					USE_ASM,
					ARCH_X86_64,
					"$(inherited)",
				);
				GCC_SYMBOLS_PRIVATE_EXTERN = NO;
				HEADER_SEARCH_PATHS = (
					"$(SRCROOT)/depends/gmp/package_ios_simulator_x86_64/include",
					"$(SRCROOT)/src/../src",
					"$(SRCROOT)/src/../build",
					"$(SRCROOT)/src/../depends/json/single_include",
					"$(inherited)",
				);
				INSTALL_PATH = "";
				LIBRARY_STYLE = STATIC;
				ONLY_ACTIVE_ARCH = NO;
				OTHER_CPLUSPLUSFLAGS = (
					"-DNDEBUG",
					"'-std=gnu++11'",
				);
				OTHER_LIBTOOLFLAGS = "";
				OTHER_REZFLAGS = "";
				PRODUCT_NAME = witnesscalc_credentialAtomicQuerySigV2;
				SECTORDER_FLAGS = "";
				TARGET_TEMP_DIR = "$(SRCROOT)/build_witnesscalc_ios_simulator_x86_64/build/witnesscalc_credentialAtomicQuerySigV2Static.build/$(CONFIGURATION)$(EFFECTIVE_PLATFORM_NAME)";
				USE_HEADERMAP = NO;
				WARNING_CFLAGS = "$(inherited)";
			};
			name = Release;
		};
		73767D5A349D42DE96597752 /* Debug */ = {
			isa = XCBuildConfiguration;
			buildSettings = {
				ARCHS = x86_64;
				SDKROOT = iphoneos;
				SYMROOT = "${SRCROOT}/build_witnesscalc_ios_simulator_x86_64/build";
			};
			name = Debug;
		};
		78737D7E7C5F49218B70B7EB /* Release */ = {
			isa = XCBuildConfiguration;
			buildSettings = {
				ALWAYS_SEARCH_USER_PATHS = NO;
				ARCHS = "$(ARCHS_STANDARD)";
				COMBINE_HIDPI_IMAGES = YES;
				CONFIGURATION_BUILD_DIR = "$(SRCROOT)/build_witnesscalc_ios_simulator_x86_64/src/Release${EFFECTIVE_PLATFORM_NAME}";
				EXECUTABLE_PREFIX = lib;
				EXECUTABLE_SUFFIX = .a;
				GCC_GENERATE_DEBUGGING_SYMBOLS = NO;
				GCC_INLINES_ARE_PRIVATE_EXTERN = NO;
				GCC_OPTIMIZATION_LEVEL = 3;
				GCC_PREPROCESSOR_DEFINITIONS = (
					"'CMAKE_INTDIR=\"$(CONFIGURATION)$(EFFECTIVE_PLATFORM_NAME)\"'",
					"'CIRCUIT_NAME=authV2'",
					_LONG_LONG_LIMB,
					USE_ASM,
					ARCH_X86_64,
					"$(inherited)",
				);
				GCC_SYMBOLS_PRIVATE_EXTERN = NO;
				HEADER_SEARCH_PATHS = (
					"$(SRCROOT)/depends/gmp/package_ios_simulator_x86_64/include",
					"$(SRCROOT)/src/../src",
					"$(SRCROOT)/src/../build",
					"$(SRCROOT)/src/../depends/json/single_include",
					"$(inherited)",
				);
				INSTALL_PATH = "";
				LIBRARY_STYLE = STATIC;
				ONLY_ACTIVE_ARCH = NO;
				OTHER_CPLUSPLUSFLAGS = (
					"-DNDEBUG",
					"'-std=gnu++11'",
				);
				OTHER_LIBTOOLFLAGS = "";
				OTHER_REZFLAGS = "";
				PRODUCT_NAME = witnesscalc_authV2;
				SECTORDER_FLAGS = "";
				TARGET_TEMP_DIR = "$(SRCROOT)/build_witnesscalc_ios_simulator_x86_64/build/witnesscalc_authV2Static.build/$(CONFIGURATION)$(EFFECTIVE_PLATFORM_NAME)";
				USE_HEADERMAP = NO;
				WARNING_CFLAGS = "$(inherited)";
			};
			name = Release;
		};
		873C4A2FD5824EACA9A98452 /* Release */ = {
			isa = XCBuildConfiguration;
			buildSettings = {
				ARCHS = x86_64;
				SDKROOT = iphoneos;
				SWIFT_COMPILATION_MODE = wholemodule;
				SYMROOT = "${SRCROOT}/build_witnesscalc_ios_simulator_x86_64/build";
			};
			name = Release;
		};
		C780EB216A2448D5AD778ECA /* Release */ = {
			isa = XCBuildConfiguration;
			buildSettings = {
				ALWAYS_SEARCH_USER_PATHS = NO;
				ARCHS = "$(ARCHS_STANDARD)";
				COMBINE_HIDPI_IMAGES = YES;
				CONFIGURATION_BUILD_DIR = "$(SRCROOT)/build_witnesscalc_ios_simulator_x86_64/src/Release${EFFECTIVE_PLATFORM_NAME}";
				EXECUTABLE_PREFIX = lib;
				EXECUTABLE_SUFFIX = .a;
				GCC_GENERATE_DEBUGGING_SYMBOLS = NO;
				GCC_INLINES_ARE_PRIVATE_EXTERN = NO;
				GCC_OPTIMIZATION_LEVEL = 3;
				GCC_PREPROCESSOR_DEFINITIONS = (
					"'CMAKE_INTDIR=\"$(CONFIGURATION)$(EFFECTIVE_PLATFORM_NAME)\"'",
					"'CIRCUIT_NAME=credentialAtomicQueryMTPV2'",
					_LONG_LONG_LIMB,
					USE_ASM,
					ARCH_X86_64,
					"$(inherited)",
				);
				GCC_SYMBOLS_PRIVATE_EXTERN = NO;
				HEADER_SEARCH_PATHS = (
					"$(SRCROOT)/depends/gmp/package_ios_simulator_x86_64/include",
					"$(SRCROOT)/src/../src",
					"$(SRCROOT)/src/../build",
					"$(SRCROOT)/src/../depends/json/single_include",
					"$(inherited)",
				);
				INSTALL_PATH = "";
				LIBRARY_STYLE = STATIC;
				ONLY_ACTIVE_ARCH = NO;
				OTHER_CPLUSPLUSFLAGS = (
					"-DNDEBUG",
					"'-std=gnu++11'",
				);
				OTHER_LIBTOOLFLAGS = "";
				OTHER_REZFLAGS = "";
				PRODUCT_NAME = witnesscalc_credentialAtomicQueryMTPV2;
				SECTORDER_FLAGS = "";
				TARGET_TEMP_DIR = "$(SRCROOT)/build_witnesscalc_ios_simulator_x86_64/build/witnesscalc_credentialAtomicQueryMTPV2Static.build/$(CONFIGURATION)$(EFFECTIVE_PLATFORM_NAME)";
				USE_HEADERMAP = NO;
				WARNING_CFLAGS = "$(inherited)";
			};
			name = Release;
		};
		CB9DF4AB1D314CA2A5D37F38 /* RelWithDebInfo */ = {
			isa = XCBuildConfiguration;
			buildSettings = {
				ARCHS = x86_64;
				SDKROOT = iphoneos;
				SWIFT_COMPILATION_MODE = wholemodule;
				SYMROOT = "${SRCROOT}/build_witnesscalc_ios_simulator_x86_64/build";
			};
			name = RelWithDebInfo;
		};
		D24A88348DB44BC29A00F094 /* MinSizeRel */ = {
			isa = XCBuildConfiguration;
			buildSettings = {
				ALWAYS_SEARCH_USER_PATHS = NO;
				ARCHS = "$(ARCHS_STANDARD)";
				COMBINE_HIDPI_IMAGES = YES;
				CONFIGURATION_BUILD_DIR = "$(SRCROOT)/build_witnesscalc_ios_simulator_x86_64/src/MinSizeRel${EFFECTIVE_PLATFORM_NAME}";
				EXECUTABLE_PREFIX = lib;
				EXECUTABLE_SUFFIX = .a;
				GCC_GENERATE_DEBUGGING_SYMBOLS = NO;
				GCC_INLINES_ARE_PRIVATE_EXTERN = NO;
				GCC_OPTIMIZATION_LEVEL = s;
				GCC_PREPROCESSOR_DEFINITIONS = (
					"'CMAKE_INTDIR=\"$(CONFIGURATION)$(EFFECTIVE_PLATFORM_NAME)\"'",
					"'CIRCUIT_NAME=credentialAtomicQuerySigV2'",
					_LONG_LONG_LIMB,
					USE_ASM,
					ARCH_X86_64,
					"$(inherited)",
				);
				GCC_SYMBOLS_PRIVATE_EXTERN = NO;
				HEADER_SEARCH_PATHS = (
					"$(SRCROOT)/depends/gmp/package_ios_simulator_x86_64/include",
					"$(SRCROOT)/src/../src",
					"$(SRCROOT)/src/../build",
					"$(SRCROOT)/src/../depends/json/single_include",
					"$(inherited)",
				);
				INSTALL_PATH = "";
				LIBRARY_STYLE = STATIC;
				ONLY_ACTIVE_ARCH = NO;
				OTHER_CPLUSPLUSFLAGS = (
					"-DNDEBUG",
					"'-std=gnu++11'",
				);
				OTHER_LIBTOOLFLAGS = "";
				OTHER_REZFLAGS = "";
				PRODUCT_NAME = witnesscalc_credentialAtomicQuerySigV2;
				SECTORDER_FLAGS = "";
				TARGET_TEMP_DIR = "$(SRCROOT)/build_witnesscalc_ios_simulator_x86_64/build/witnesscalc_credentialAtomicQuerySigV2Static.build/$(CONFIGURATION)$(EFFECTIVE_PLATFORM_NAME)";
				USE_HEADERMAP = NO;
				WARNING_CFLAGS = "$(inherited)";
			};
			name = MinSizeRel;
		};
		E75CAC536EBC43C4B1E17C18 /* Release */ = {
			isa = XCBuildConfiguration;
			buildSettings = {
				ALWAYS_SEARCH_USER_PATHS = NO;
				ARCHS = "$(ARCHS_STANDARD)";
				COMBINE_HIDPI_IMAGES = YES;
				CONFIGURATION_BUILD_DIR = "$(SRCROOT)/build_witnesscalc_ios_simulator_x86_64/src/Release${EFFECTIVE_PLATFORM_NAME}";
				EXECUTABLE_PREFIX = lib;
				EXECUTABLE_SUFFIX = .a;
				GCC_GENERATE_DEBUGGING_SYMBOLS = NO;
				GCC_INLINES_ARE_PRIVATE_EXTERN = NO;
				GCC_OPTIMIZATION_LEVEL = 3;
				GCC_PREPROCESSOR_DEFINITIONS = (
					"'CMAKE_INTDIR=\"$(CONFIGURATION)$(EFFECTIVE_PLATFORM_NAME)\"'",
					"'CIRCUIT_NAME=credentialAtomicQuerySigV2OnChain'",
					_LONG_LONG_LIMB,
					USE_ASM,
					ARCH_X86_64,
					"$(inherited)",
				);
				GCC_SYMBOLS_PRIVATE_EXTERN = NO;
				HEADER_SEARCH_PATHS = (
					"$(SRCROOT)/depends/gmp/package_ios_simulator_x86_64/include",
					"$(SRCROOT)/src/../src",
					"$(SRCROOT)/src/../build",
					"$(SRCROOT)/src/../depends/json/single_include",
					"$(inherited)",
				);
				INSTALL_PATH = "";
				LIBRARY_STYLE = STATIC;
				ONLY_ACTIVE_ARCH = NO;
				OTHER_CPLUSPLUSFLAGS = (
					"-DNDEBUG",
					"'-std=gnu++11'",
				);
				OTHER_LIBTOOLFLAGS = "";
				OTHER_REZFLAGS = "";
				PRODUCT_NAME = witnesscalc_credentialAtomicQuerySigV2OnChain;
				SECTORDER_FLAGS = "";
				TARGET_TEMP_DIR = "$(SRCROOT)/build_witnesscalc_ios_simulator_x86_64/build/witnesscalc_credentialAtomicQuerySigV2OnChainStatic.build/$(CONFIGURATION)$(EFFECTIVE_PLATFORM_NAME)";
				USE_HEADERMAP = NO;
				WARNING_CFLAGS = "$(inherited)";
			};
			name = Release;
		};
		E76A5402E315416AA30335C5 /* MinSizeRel */ = {
			isa = XCBuildConfiguration;
			buildSettings = {
				ALWAYS_SEARCH_USER_PATHS = NO;
				ARCHS = "$(ARCHS_STANDARD)";
				COMBINE_HIDPI_IMAGES = YES;
				CONFIGURATION_BUILD_DIR = "${SRCROOT}/build_witnesscalc_ios_simulator_x86_64/src/MinSizeRel${EFFECTIVE_PLATFORM_NAME}";
				EXECUTABLE_PREFIX = lib;
				EXECUTABLE_SUFFIX = .a;
				GCC_GENERATE_DEBUGGING_SYMBOLS = NO;
				GCC_INLINES_ARE_PRIVATE_EXTERN = NO;
				GCC_OPTIMIZATION_LEVEL = s;
				GCC_PREPROCESSOR_DEFINITIONS = (
					"'CMAKE_INTDIR=\"$(CONFIGURATION)$(EFFECTIVE_PLATFORM_NAME)\"'",
					"'CIRCUIT_NAME=credentialAtomicQueryMTPV2OnChain'",
					_LONG_LONG_LIMB,
					USE_ASM,
					ARCH_X86_64,
					"$(inherited)",
				);
				GCC_SYMBOLS_PRIVATE_EXTERN = NO;
				HEADER_SEARCH_PATHS = (
					"${SRCROOT}/depends/gmp/package_ios_simulator_x86_64/include",
					"${SRCROOT}/src/../src",
					"${SRCROOT}/src/../build",
					"${SRCROOT}/src/../depends/json/single_include",
					"$(inherited)",
				);
				INSTALL_PATH = "";
				LIBRARY_STYLE = STATIC;
				ONLY_ACTIVE_ARCH = NO;
				OTHER_CPLUSPLUSFLAGS = (
					"-DNDEBUG",
					"'-std=gnu++11'",
				);
				OTHER_LIBTOOLFLAGS = "";
				OTHER_REZFLAGS = "";
				PRODUCT_NAME = witnesscalc_credentialAtomicQueryMTPV2OnChain;
				SECTORDER_FLAGS = "";
				SYMROOT = "${SRCROOT}/build_witnesscalc_ios_simulator_x86_64/build";
				TARGET_TEMP_DIR = "${SRCROOT}/build_witnesscalc_ios_simulator_x86_64/build/witnesscalc_credentialAtomicQueryMTPV2OnChainStatic.build/$(CONFIGURATION)$(EFFECTIVE_PLATFORM_NAME)";
				USE_HEADERMAP = NO;
				WARNING_CFLAGS = "$(inherited)";
			};
			name = MinSizeRel;
		};
		EDBF239E1A3847DD9673023D /* Debug */ = {
			isa = XCBuildConfiguration;
			buildSettings = {
				ALWAYS_SEARCH_USER_PATHS = NO;
				ARCHS = "$(ARCHS_STANDARD)";
				COMBINE_HIDPI_IMAGES = YES;
				CONFIGURATION_BUILD_DIR = "${SRCROOT}/build_witnesscalc_ios_simulator_x86_64/src/Debug${EFFECTIVE_PLATFORM_NAME}";
				EXECUTABLE_PREFIX = lib;
				EXECUTABLE_SUFFIX = .a;
				GCC_GENERATE_DEBUGGING_SYMBOLS = YES;
				GCC_INLINES_ARE_PRIVATE_EXTERN = NO;
				GCC_OPTIMIZATION_LEVEL = 0;
				GCC_PREPROCESSOR_DEFINITIONS = (
					"'CMAKE_INTDIR=\"$(CONFIGURATION)$(EFFECTIVE_PLATFORM_NAME)\"'",
					"'CIRCUIT_NAME=credentialAtomicQueryMTPV2OnChain'",
					_LONG_LONG_LIMB,
					USE_ASM,
					ARCH_X86_64,
					"$(inherited)",
				);
				GCC_SYMBOLS_PRIVATE_EXTERN = NO;
				HEADER_SEARCH_PATHS = (
					"${SRCROOT}/depends/gmp/package_ios_simulator_x86_64/include",
					"${SRCROOT}/src/../src",
					"${SRCROOT}/src/../build",
					"${SRCROOT}/src/../depends/json/single_include",
					"$(inherited)",
				);
				INSTALL_PATH = "";
				LIBRARY_STYLE = STATIC;
				ONLY_ACTIVE_ARCH = NO;
				OTHER_CPLUSPLUSFLAGS = "   '-std=gnu++11' ";
				OTHER_LIBTOOLFLAGS = "";
				OTHER_REZFLAGS = "";
				PRODUCT_NAME = witnesscalc_credentialAtomicQueryMTPV2OnChain;
				SECTORDER_FLAGS = "";
				SYMROOT = "${SRCROOT}/build_witnesscalc_ios_simulator_x86_64/build";
				TARGET_TEMP_DIR = "${SRCROOT}/build_witnesscalc_ios_simulator_x86_64/build/witnesscalc_credentialAtomicQueryMTPV2OnChainStatic.build/$(CONFIGURATION)$(EFFECTIVE_PLATFORM_NAME)";
				USE_HEADERMAP = NO;
				WARNING_CFLAGS = "$(inherited)";
			};
			name = Debug;
		};
		EF2917223A5440A29810D011 /* Debug */ = {
			isa = XCBuildConfiguration;
			buildSettings = {
				ALWAYS_SEARCH_USER_PATHS = NO;
				ARCHS = "$(ARCHS_STANDARD)";
				COMBINE_HIDPI_IMAGES = YES;
				CONFIGURATION_BUILD_DIR = "$(SRCROOT)/build_witnesscalc_ios_simulator_x86_64/src/Debug${EFFECTIVE_PLATFORM_NAME}";
				EXECUTABLE_PREFIX = lib;
				EXECUTABLE_SUFFIX = .a;
				GCC_GENERATE_DEBUGGING_SYMBOLS = YES;
				GCC_INLINES_ARE_PRIVATE_EXTERN = NO;
				GCC_OPTIMIZATION_LEVEL = 0;
				GCC_PREPROCESSOR_DEFINITIONS = (
					"'CMAKE_INTDIR=\"$(CONFIGURATION)$(EFFECTIVE_PLATFORM_NAME)\"'",
					"'CIRCUIT_NAME=credentialAtomicQuerySigV2'",
					_LONG_LONG_LIMB,
					USE_ASM,
					ARCH_X86_64,
					"$(inherited)",
				);
				GCC_SYMBOLS_PRIVATE_EXTERN = NO;
				HEADER_SEARCH_PATHS = (
					"$(SRCROOT)/depends/gmp/package_ios_simulator_x86_64/include",
					"$(SRCROOT)/src/../src",
					"$(SRCROOT)/src/../build",
					"$(SRCROOT)/src/../depends/json/single_include",
					"$(inherited)",
				);
				INSTALL_PATH = "";
				LIBRARY_STYLE = STATIC;
				ONLY_ACTIVE_ARCH = NO;
				OTHER_CPLUSPLUSFLAGS = "   '-std=gnu++11' ";
				OTHER_LIBTOOLFLAGS = "";
				OTHER_REZFLAGS = "";
				PRODUCT_NAME = witnesscalc_credentialAtomicQuerySigV2;
				SECTORDER_FLAGS = "";
				TARGET_TEMP_DIR = "$(SRCROOT)/build_witnesscalc_ios_simulator_x86_64/build/witnesscalc_credentialAtomicQuerySigV2Static.build/$(CONFIGURATION)$(EFFECTIVE_PLATFORM_NAME)";
				USE_HEADERMAP = NO;
				WARNING_CFLAGS = "$(inherited)";
			};
			name = Debug;
		};
		EF6F2F3A139247DC96C6CA36 /* Debug */ = {
			isa = XCBuildConfiguration;
			buildSettings = {
				ALWAYS_SEARCH_USER_PATHS = NO;
				ARCHS = "$(ARCHS_STANDARD)";
				COMBINE_HIDPI_IMAGES = YES;
				CONFIGURATION_BUILD_DIR = "$(SRCROOT)/build_witnesscalc_ios_simulator_x86_64/src/Debug${EFFECTIVE_PLATFORM_NAME}";
				EXECUTABLE_PREFIX = lib;
				EXECUTABLE_SUFFIX = .a;
				GCC_GENERATE_DEBUGGING_SYMBOLS = YES;
				GCC_INLINES_ARE_PRIVATE_EXTERN = NO;
				GCC_OPTIMIZATION_LEVEL = 0;
				GCC_PREPROCESSOR_DEFINITIONS = (
					"'CMAKE_INTDIR=\"$(CONFIGURATION)$(EFFECTIVE_PLATFORM_NAME)\"'",
					"'CIRCUIT_NAME=credentialAtomicQueryMTPV2'",
					_LONG_LONG_LIMB,
					USE_ASM,
					ARCH_X86_64,
					"$(inherited)",
				);
				GCC_SYMBOLS_PRIVATE_EXTERN = NO;
				HEADER_SEARCH_PATHS = (
					"$(SRCROOT)/depends/gmp/package_ios_simulator_x86_64/include",
					"$(SRCROOT)/src/../src",
					"$(SRCROOT)/src/../build",
					"$(SRCROOT)/src/../depends/json/single_include",
					"$(inherited)",
				);
				INSTALL_PATH = "";
				LIBRARY_STYLE = STATIC;
				ONLY_ACTIVE_ARCH = NO;
				OTHER_CPLUSPLUSFLAGS = "   '-std=gnu++11' ";
				OTHER_LIBTOOLFLAGS = "";
				OTHER_REZFLAGS = "";
				PRODUCT_NAME = witnesscalc_credentialAtomicQueryMTPV2;
				SECTORDER_FLAGS = "";
				TARGET_TEMP_DIR = "$(SRCROOT)/build_witnesscalc_ios_simulator_x86_64/build/witnesscalc_credentialAtomicQueryMTPV2Static.build/$(CONFIGURATION)$(EFFECTIVE_PLATFORM_NAME)";
				USE_HEADERMAP = NO;
				WARNING_CFLAGS = "$(inherited)";
			};
			name = Debug;
		};
		F4C1F0B097854DE99CA866C9 /* Debug */ = {
			isa = XCBuildConfiguration;
			buildSettings = {
				ALWAYS_SEARCH_USER_PATHS = NO;
				ARCHS = "$(ARCHS_STANDARD)";
				COMBINE_HIDPI_IMAGES = YES;
				CONFIGURATION_BUILD_DIR = "$(SRCROOT)/build_witnesscalc_ios_simulator_x86_64/src/Debug${EFFECTIVE_PLATFORM_NAME}";
				EXECUTABLE_PREFIX = lib;
				EXECUTABLE_SUFFIX = .a;
				GCC_GENERATE_DEBUGGING_SYMBOLS = YES;
				GCC_INLINES_ARE_PRIVATE_EXTERN = NO;
				GCC_OPTIMIZATION_LEVEL = 0;
				GCC_PREPROCESSOR_DEFINITIONS = (
					"'CMAKE_INTDIR=\"$(CONFIGURATION)$(EFFECTIVE_PLATFORM_NAME)\"'",
					"'CIRCUIT_NAME=credentialAtomicQuerySigV2OnChain'",
					_LONG_LONG_LIMB,
					USE_ASM,
					ARCH_X86_64,
					"$(inherited)",
				);
				GCC_SYMBOLS_PRIVATE_EXTERN = NO;
				HEADER_SEARCH_PATHS = (
					"$(SRCROOT)/depends/gmp/package_ios_simulator_x86_64/include",
					"$(SRCROOT)/src/../src",
					"$(SRCROOT)/src/../build",
					"$(SRCROOT)/src/../depends/json/single_include",
					"$(inherited)",
				);
				INSTALL_PATH = "";
				LIBRARY_STYLE = STATIC;
				ONLY_ACTIVE_ARCH = NO;
				OTHER_CPLUSPLUSFLAGS = "   '-std=gnu++11' ";
				OTHER_LIBTOOLFLAGS = "";
				OTHER_REZFLAGS = "";
				PRODUCT_NAME = witnesscalc_credentialAtomicQuerySigV2OnChain;
				SECTORDER_FLAGS = "";
				TARGET_TEMP_DIR = "$(SRCROOT)/build_witnesscalc_ios_simulator_x86_64/build/witnesscalc_credentialAtomicQuerySigV2OnChainStatic.build/$(CONFIGURATION)$(EFFECTIVE_PLATFORM_NAME)";
				USE_HEADERMAP = NO;
				WARNING_CFLAGS = "$(inherited)";
			};
			name = Debug;
		};
/* End XCBuildConfiguration section */

/* Begin XCConfigurationList section */
		6845A8C83E9143B484F572EC /* Build configuration list for PBXNativeTarget "witnesscalc_credentialAtomicQuerySigV2OnChainStatic" */ = {
			isa = XCConfigurationList;
			buildConfigurations = (
				F4C1F0B097854DE99CA866C9 /* Debug */,
				E75CAC536EBC43C4B1E17C18 /* Release */,
				350D535C9B384CE89797A897 /* MinSizeRel */,
				6CD878B7153446A198ECB657 /* RelWithDebInfo */,
			);
			defaultConfigurationIsVisible = 0;
			defaultConfigurationName = Debug;
		};
		7AD0E9ED138E4011AF05DE9B /* Build configuration list for PBXNativeTarget "witnesscalc_credentialAtomicQuerySigV2Static" */ = {
			isa = XCConfigurationList;
			buildConfigurations = (
				EF2917223A5440A29810D011 /* Debug */,
				6E3789EA481F4AF4AC01875E /* Release */,
				D24A88348DB44BC29A00F094 /* MinSizeRel */,
				1DFC9E1FABC443729973D532 /* RelWithDebInfo */,
			);
			defaultConfigurationIsVisible = 0;
			defaultConfigurationName = Debug;
		};
		A353613DCFA343658A9A35B4 /* Build configuration list for PBXNativeTarget "witnesscalc_authV2Static" */ = {
			isa = XCConfigurationList;
			buildConfigurations = (
				14D4DB43584046A6981FCF63 /* Debug */,
				78737D7E7C5F49218B70B7EB /* Release */,
				1DDBA1EE9145469F92F58F2D /* MinSizeRel */,
				0873B1FD1C7348238D29A3BB /* RelWithDebInfo */,
			);
			defaultConfigurationIsVisible = 0;
			defaultConfigurationName = Debug;
		};
		CEDE4C263121422BB08C4B5B /* Build configuration list for PBXNativeTarget "witnesscalc_credentialAtomicQueryMTPV2Static" */ = {
			isa = XCConfigurationList;
			buildConfigurations = (
				EF6F2F3A139247DC96C6CA36 /* Debug */,
				C780EB216A2448D5AD778ECA /* Release */,
				282A3D594DA840D5BFCEADBE /* MinSizeRel */,
				0C6F60791B844D87A08E182A /* RelWithDebInfo */,
			);
			defaultConfigurationIsVisible = 0;
			defaultConfigurationName = Debug;
		};
		D4EF0805A3F143EE906C24D1 /* Build configuration list for PBXNativeTarget "witnesscalc_credentialAtomicQueryMTPV2OnChainStatic" */ = {
			isa = XCConfigurationList;
			buildConfigurations = (
				EDBF239E1A3847DD9673023D /* Debug */,
				634EEAF609DA478A9675B8FA /* Release */,
				E76A5402E315416AA30335C5 /* MinSizeRel */,
				4EE414DA3EC5460786F0047B /* RelWithDebInfo */,
			);
			defaultConfigurationIsVisible = 0;
			defaultConfigurationName = Debug;
		};
		E8F161552D5840C7BBE22BBC /* Build configuration list for PBXProject "witnesscalc" */ = {
			isa = XCConfigurationList;
			buildConfigurations = (
				73767D5A349D42DE96597752 /* Debug */,
				873C4A2FD5824EACA9A98452 /* Release */,
				3671EDFF7EF840F683930FA1 /* MinSizeRel */,
				CB9DF4AB1D314CA2A5D37F38 /* RelWithDebInfo */,
			);
			defaultConfigurationIsVisible = 0;
			defaultConfigurationName = Debug;
		};
/* End XCConfigurationList section */
	};
	rootObject = C42F9AF0A602434D8E334329 /* Project object */;
}
